// !$*UTF8*$!
{
	archiveVersion = 1;
	classes = {
	};
	objectVersion = 56;
	objects = {

/* Begin PBXBuildFile section */
		37A6550A2BA5385600B96BEB /* One_RepApp.swift in Sources */ = {isa = PBXBuildFile; fileRef = 37A655092BA5385600B96BEB /* One_RepApp.swift */; };
		37A6550E2BA5385800B96BEB /* Assets.xcassets in Resources */ = {isa = PBXBuildFile; fileRef = 37A6550D2BA5385800B96BEB /* Assets.xcassets */; };
		37A655122BA5385800B96BEB /* Preview Assets.xcassets in Resources */ = {isa = PBXBuildFile; fileRef = 37A655112BA5385800B96BEB /* Preview Assets.xcassets */; };
		37A6551E2BA5F80300B96BEB /* ViewRouter.swift in Sources */ = {isa = PBXBuildFile; fileRef = 37A6551D2BA5F80300B96BEB /* ViewRouter.swift */; };
		37A655202BA5F84800B96BEB /* UserSettingsModel.swift in Sources */ = {isa = PBXBuildFile; fileRef = 37A6551F2BA5F84800B96BEB /* UserSettingsModel.swift */; };
		37A655222BA5F86600B96BEB /* MotherView.swift in Sources */ = {isa = PBXBuildFile; fileRef = 37A655212BA5F86600B96BEB /* MotherView.swift */; };
		37A655242BA5F88200B96BEB /* TabHolderView.swift in Sources */ = {isa = PBXBuildFile; fileRef = 37A655232BA5F88200B96BEB /* TabHolderView.swift */; };
		37A655262BA5F8A700B96BEB /* LoginView.swift in Sources */ = {isa = PBXBuildFile; fileRef = 37A655252BA5F8A700B96BEB /* LoginView.swift */; };
		37A655282BA5F8C200B96BEB /* RepsLogo.swift in Sources */ = {isa = PBXBuildFile; fileRef = 37A655272BA5F8C200B96BEB /* RepsLogo.swift */; };
		37A6552A2BA5F8E400B96BEB /* SignInWithApple.swift in Sources */ = {isa = PBXBuildFile; fileRef = 37A655292BA5F8E400B96BEB /* SignInWithApple.swift */; };
		37A6552C2BA5F8FA00B96BEB /* MovementsView.swift in Sources */ = {isa = PBXBuildFile; fileRef = 37A6552B2BA5F8FA00B96BEB /* MovementsView.swift */; };
		37A6552E2BA5F91100B96BEB /* SettingsView.swift in Sources */ = {isa = PBXBuildFile; fileRef = 37A6552D2BA5F91100B96BEB /* SettingsView.swift */; };
		37A655302BA5F98C00B96BEB /* StringEnums.swift in Sources */ = {isa = PBXBuildFile; fileRef = 37A6552F2BA5F98C00B96BEB /* StringEnums.swift */; };
		37A655362BA7466300B96BEB /* Movement.swift in Sources */ = {isa = PBXBuildFile; fileRef = 37A655352BA7466300B96BEB /* Movement.swift */; };
		37A655382BA7470B00B96BEB /* Weight.swift in Sources */ = {isa = PBXBuildFile; fileRef = 37A655372BA7470B00B96BEB /* Weight.swift */; };
		37A6553D2BA9E8F300B96BEB /* MovementViewModel.swift in Sources */ = {isa = PBXBuildFile; fileRef = 37A6553C2BA9E8F300B96BEB /* MovementViewModel.swift */; };
		37A6553F2BAA8BCE00B96BEB /* AddMovementView.swift in Sources */ = {isa = PBXBuildFile; fileRef = 37A6553E2BAA8BCE00B96BEB /* AddMovementView.swift */; };
		37A655412BAA8DD500B96BEB /* MovementNameTextField.swift in Sources */ = {isa = PBXBuildFile; fileRef = 37A655402BAA8DD500B96BEB /* MovementNameTextField.swift */; };
		37A655432BAA902300B96BEB /* AddMovementCardButton.swift in Sources */ = {isa = PBXBuildFile; fileRef = 37A655422BAA902300B96BEB /* AddMovementCardButton.swift */; };
		37A655452BAA965C00B96BEB /* MusclePicker.swift in Sources */ = {isa = PBXBuildFile; fileRef = 37A655442BAA965C00B96BEB /* MusclePicker.swift */; };
		37A655472BAA98AC00B96BEB /* AddMovementButton.swift in Sources */ = {isa = PBXBuildFile; fileRef = 37A655462BAA98AC00B96BEB /* AddMovementButton.swift */; };
		37A6554C2BB0C07B00B96BEB /* Realm in Frameworks */ = {isa = PBXBuildFile; productRef = 37A6554B2BB0C07B00B96BEB /* Realm */; };
		37A6554E2BB0C07B00B96BEB /* RealmSwift in Frameworks */ = {isa = PBXBuildFile; productRef = 37A6554D2BB0C07B00B96BEB /* RealmSwift */; };
		37A655502BB2830200B96BEB /* MovementCard.swift in Sources */ = {isa = PBXBuildFile; fileRef = 37A6554F2BB2830200B96BEB /* MovementCard.swift */; };
/* End PBXBuildFile section */

/* Begin PBXFileReference section */
		37A655062BA5385600B96BEB /* One Rep.app */ = {isa = PBXFileReference; explicitFileType = wrapper.application; includeInIndex = 0; path = "One Rep.app"; sourceTree = BUILT_PRODUCTS_DIR; };
		37A655092BA5385600B96BEB /* One_RepApp.swift */ = {isa = PBXFileReference; lastKnownFileType = sourcecode.swift; path = One_RepApp.swift; sourceTree = "<group>"; };
		37A6550D2BA5385800B96BEB /* Assets.xcassets */ = {isa = PBXFileReference; lastKnownFileType = folder.assetcatalog; path = Assets.xcassets; sourceTree = "<group>"; };
		37A6550F2BA5385800B96BEB /* One_Rep.entitlements */ = {isa = PBXFileReference; lastKnownFileType = text.plist.entitlements; path = One_Rep.entitlements; sourceTree = "<group>"; };
		37A655112BA5385800B96BEB /* Preview Assets.xcassets */ = {isa = PBXFileReference; lastKnownFileType = folder.assetcatalog; path = "Preview Assets.xcassets"; sourceTree = "<group>"; };
		37A6551D2BA5F80300B96BEB /* ViewRouter.swift */ = {isa = PBXFileReference; lastKnownFileType = sourcecode.swift; path = ViewRouter.swift; sourceTree = "<group>"; };
		37A6551F2BA5F84800B96BEB /* UserSettingsModel.swift */ = {isa = PBXFileReference; lastKnownFileType = sourcecode.swift; path = UserSettingsModel.swift; sourceTree = "<group>"; };
		37A655212BA5F86600B96BEB /* MotherView.swift */ = {isa = PBXFileReference; lastKnownFileType = sourcecode.swift; path = MotherView.swift; sourceTree = "<group>"; };
		37A655232BA5F88200B96BEB /* TabHolderView.swift */ = {isa = PBXFileReference; lastKnownFileType = sourcecode.swift; path = TabHolderView.swift; sourceTree = "<group>"; };
		37A655252BA5F8A700B96BEB /* LoginView.swift */ = {isa = PBXFileReference; lastKnownFileType = sourcecode.swift; path = LoginView.swift; sourceTree = "<group>"; };
		37A655272BA5F8C200B96BEB /* RepsLogo.swift */ = {isa = PBXFileReference; lastKnownFileType = sourcecode.swift; path = RepsLogo.swift; sourceTree = "<group>"; };
		37A655292BA5F8E400B96BEB /* SignInWithApple.swift */ = {isa = PBXFileReference; lastKnownFileType = sourcecode.swift; path = SignInWithApple.swift; sourceTree = "<group>"; };
		37A6552B2BA5F8FA00B96BEB /* MovementsView.swift */ = {isa = PBXFileReference; lastKnownFileType = sourcecode.swift; path = MovementsView.swift; sourceTree = "<group>"; };
		37A6552D2BA5F91100B96BEB /* SettingsView.swift */ = {isa = PBXFileReference; lastKnownFileType = sourcecode.swift; path = SettingsView.swift; sourceTree = "<group>"; };
		37A6552F2BA5F98C00B96BEB /* StringEnums.swift */ = {isa = PBXFileReference; lastKnownFileType = sourcecode.swift; path = StringEnums.swift; sourceTree = "<group>"; };
		37A655352BA7466300B96BEB /* Movement.swift */ = {isa = PBXFileReference; lastKnownFileType = sourcecode.swift; path = Movement.swift; sourceTree = "<group>"; };
		37A655372BA7470B00B96BEB /* Weight.swift */ = {isa = PBXFileReference; lastKnownFileType = sourcecode.swift; path = Weight.swift; sourceTree = "<group>"; };
		37A6553C2BA9E8F300B96BEB /* MovementViewModel.swift */ = {isa = PBXFileReference; lastKnownFileType = sourcecode.swift; path = MovementViewModel.swift; sourceTree = "<group>"; };
		37A6553E2BAA8BCE00B96BEB /* AddMovementView.swift */ = {isa = PBXFileReference; lastKnownFileType = sourcecode.swift; path = AddMovementView.swift; sourceTree = "<group>"; };
		37A655402BAA8DD500B96BEB /* MovementNameTextField.swift */ = {isa = PBXFileReference; lastKnownFileType = sourcecode.swift; path = MovementNameTextField.swift; sourceTree = "<group>"; };
		37A655422BAA902300B96BEB /* AddMovementCardButton.swift */ = {isa = PBXFileReference; lastKnownFileType = sourcecode.swift; path = AddMovementCardButton.swift; sourceTree = "<group>"; };
		37A655442BAA965C00B96BEB /* MusclePicker.swift */ = {isa = PBXFileReference; lastKnownFileType = sourcecode.swift; path = MusclePicker.swift; sourceTree = "<group>"; };
		37A655462BAA98AC00B96BEB /* AddMovementButton.swift */ = {isa = PBXFileReference; lastKnownFileType = sourcecode.swift; path = AddMovementButton.swift; sourceTree = "<group>"; };
		37A6554F2BB2830200B96BEB /* MovementCard.swift */ = {isa = PBXFileReference; lastKnownFileType = sourcecode.swift; path = MovementCard.swift; sourceTree = "<group>"; };
/* End PBXFileReference section */

/* Begin PBXFrameworksBuildPhase section */
		37A655032BA5385600B96BEB /* Frameworks */ = {
			isa = PBXFrameworksBuildPhase;
			buildActionMask = 2147483647;
			files = (
				37A6554E2BB0C07B00B96BEB /* RealmSwift in Frameworks */,
				37A6554C2BB0C07B00B96BEB /* Realm in Frameworks */,
			);
			runOnlyForDeploymentPostprocessing = 0;
		};
/* End PBXFrameworksBuildPhase section */

/* Begin PBXGroup section */
		37A654FD2BA5385600B96BEB = {
			isa = PBXGroup;
			children = (
				37A655082BA5385600B96BEB /* One Rep */,
				37A655072BA5385600B96BEB /* Products */,
			);
			sourceTree = "<group>";
		};
		37A655072BA5385600B96BEB /* Products */ = {
			isa = PBXGroup;
			children = (
				37A655062BA5385600B96BEB /* One Rep.app */,
			);
			name = Products;
			sourceTree = "<group>";
		};
		37A655082BA5385600B96BEB /* One Rep */ = {
			isa = PBXGroup;
			children = (
				37A6553B2BA9E8DA00B96BEB /* New Group */,
				37A655092BA5385600B96BEB /* One_RepApp.swift */,
				37A655212BA5F86600B96BEB /* MotherView.swift */,
				37A6551D2BA5F80300B96BEB /* ViewRouter.swift */,
				37A655232BA5F88200B96BEB /* TabHolderView.swift */,
				37A6552F2BA5F98C00B96BEB /* StringEnums.swift */,
				37A655312BA745A300B96BEB /* Login */,
				37A655332BA745CF00B96BEB /* Movements */,
				37A655322BA745C700B96BEB /* Models */,
				37A655342BA745D400B96BEB /* Settings */,
				37A6550D2BA5385800B96BEB /* Assets.xcassets */,
				37A6550F2BA5385800B96BEB /* One_Rep.entitlements */,
				37A655102BA5385800B96BEB /* Preview Content */,
			);
			path = "One Rep";
			sourceTree = "<group>";
		};
		37A655102BA5385800B96BEB /* Preview Content */ = {
			isa = PBXGroup;
			children = (
				37A655112BA5385800B96BEB /* Preview Assets.xcassets */,
			);
			path = "Preview Content";
			sourceTree = "<group>";
		};
		37A655312BA745A300B96BEB /* Login */ = {
			isa = PBXGroup;
			children = (
				37A655272BA5F8C200B96BEB /* RepsLogo.swift */,
				37A655292BA5F8E400B96BEB /* SignInWithApple.swift */,
				37A655252BA5F8A700B96BEB /* LoginView.swift */,
			);
			path = Login;
			sourceTree = "<group>";
		};
		37A655322BA745C700B96BEB /* Models */ = {
			isa = PBXGroup;
			children = (
				37A655352BA7466300B96BEB /* Movement.swift */,
				37A6553C2BA9E8F300B96BEB /* MovementViewModel.swift */,
				37A655372BA7470B00B96BEB /* Weight.swift */,
				37A6551F2BA5F84800B96BEB /* UserSettingsModel.swift */,
			);
			path = Models;
			sourceTree = "<group>";
		};
		37A655332BA745CF00B96BEB /* Movements */ = {
			isa = PBXGroup;
			children = (
				37A6552B2BA5F8FA00B96BEB /* MovementsView.swift */,
				37A655422BAA902300B96BEB /* AddMovementCardButton.swift */,
				37A6554F2BB2830200B96BEB /* MovementCard.swift */,
				37A6553E2BAA8BCE00B96BEB /* AddMovementView.swift */,
				37A655402BAA8DD500B96BEB /* MovementNameTextField.swift */,
				37A655442BAA965C00B96BEB /* MusclePicker.swift */,
				37A655462BAA98AC00B96BEB /* AddMovementButton.swift */,
			);
			path = Movements;
			sourceTree = "<group>";
		};
		37A655342BA745D400B96BEB /* Settings */ = {
			isa = PBXGroup;
			children = (
				37A6552D2BA5F91100B96BEB /* SettingsView.swift */,
			);
			path = Settings;
			sourceTree = "<group>";
		};
		37A6553B2BA9E8DA00B96BEB /* New Group */ = {
			isa = PBXGroup;
			children = (
			);
			path = "New Group";
			sourceTree = "<group>";
		};
/* End PBXGroup section */

/* Begin PBXNativeTarget section */
		37A655052BA5385600B96BEB /* One Rep */ = {
			isa = PBXNativeTarget;
			buildConfigurationList = 37A655152BA5385800B96BEB /* Build configuration list for PBXNativeTarget "One Rep" */;
			buildPhases = (
				37A655022BA5385600B96BEB /* Sources */,
				37A655032BA5385600B96BEB /* Frameworks */,
				37A655042BA5385600B96BEB /* Resources */,
			);
			buildRules = (
			);
			dependencies = (
			);
			name = "One Rep";
			packageProductDependencies = (
				37A6554B2BB0C07B00B96BEB /* Realm */,
				37A6554D2BB0C07B00B96BEB /* RealmSwift */,
			);
			productName = "One Rep";
			productReference = 37A655062BA5385600B96BEB /* One Rep.app */;
			productType = "com.apple.product-type.application";
		};
/* End PBXNativeTarget section */

/* Begin PBXProject section */
		37A654FE2BA5385600B96BEB /* Project object */ = {
			isa = PBXProject;
			attributes = {
				BuildIndependentTargetsInParallel = 1;
				LastSwiftUpdateCheck = 1500;
				LastUpgradeCheck = 1500;
				TargetAttributes = {
					37A655052BA5385600B96BEB = {
						CreatedOnToolsVersion = 15.0.1;
					};
				};
			};
			buildConfigurationList = 37A655012BA5385600B96BEB /* Build configuration list for PBXProject "One Rep" */;
			compatibilityVersion = "Xcode 14.0";
			developmentRegion = en;
			hasScannedForEncodings = 0;
			knownRegions = (
				en,
				Base,
			);
			mainGroup = 37A654FD2BA5385600B96BEB;
			packageReferences = (
				37A6554A2BB0C07B00B96BEB /* XCRemoteSwiftPackageReference "realm-swift" */,
			);
			productRefGroup = 37A655072BA5385600B96BEB /* Products */;
			projectDirPath = "";
			projectRoot = "";
			targets = (
				37A655052BA5385600B96BEB /* One Rep */,
			);
		};
/* End PBXProject section */

/* Begin PBXResourcesBuildPhase section */
		37A655042BA5385600B96BEB /* Resources */ = {
			isa = PBXResourcesBuildPhase;
			buildActionMask = 2147483647;
			files = (
				37A655122BA5385800B96BEB /* Preview Assets.xcassets in Resources */,
				37A6550E2BA5385800B96BEB /* Assets.xcassets in Resources */,
			);
			runOnlyForDeploymentPostprocessing = 0;
		};
/* End PBXResourcesBuildPhase section */

/* Begin PBXSourcesBuildPhase section */
		37A655022BA5385600B96BEB /* Sources */ = {
			isa = PBXSourcesBuildPhase;
			buildActionMask = 2147483647;
			files = (
				37A6551E2BA5F80300B96BEB /* ViewRouter.swift in Sources */,
				37A655432BAA902300B96BEB /* AddMovementCardButton.swift in Sources */,
				37A655262BA5F8A700B96BEB /* LoginView.swift in Sources */,
				37A655282BA5F8C200B96BEB /* RepsLogo.swift in Sources */,
				37A655242BA5F88200B96BEB /* TabHolderView.swift in Sources */,
				37A655412BAA8DD500B96BEB /* MovementNameTextField.swift in Sources */,
				37A6553F2BAA8BCE00B96BEB /* AddMovementView.swift in Sources */,
				37A6550A2BA5385600B96BEB /* One_RepApp.swift in Sources */,
				37A655452BAA965C00B96BEB /* MusclePicker.swift in Sources */,
				37A655472BAA98AC00B96BEB /* AddMovementButton.swift in Sources */,
				37A6552E2BA5F91100B96BEB /* SettingsView.swift in Sources */,
				37A6552C2BA5F8FA00B96BEB /* MovementsView.swift in Sources */,
				37A655382BA7470B00B96BEB /* Weight.swift in Sources */,
				37A655302BA5F98C00B96BEB /* StringEnums.swift in Sources */,
				37A655362BA7466300B96BEB /* Movement.swift in Sources */,
				37A6553D2BA9E8F300B96BEB /* MovementViewModel.swift in Sources */,
				37A655202BA5F84800B96BEB /* UserSettingsModel.swift in Sources */,
				37A6552A2BA5F8E400B96BEB /* SignInWithApple.swift in Sources */,
				37A655502BB2830200B96BEB /* MovementCard.swift in Sources */,
				37A655222BA5F86600B96BEB /* MotherView.swift in Sources */,
			);
			runOnlyForDeploymentPostprocessing = 0;
		};
/* End PBXSourcesBuildPhase section */

/* Begin XCBuildConfiguration section */
		37A655132BA5385800B96BEB /* Debug */ = {
			isa = XCBuildConfiguration;
			buildSettings = {
				ALWAYS_SEARCH_USER_PATHS = NO;
				ASSETCATALOG_COMPILER_GENERATE_SWIFT_ASSET_SYMBOL_EXTENSIONS = YES;
				CLANG_ANALYZER_NONNULL = YES;
				CLANG_ANALYZER_NUMBER_OBJECT_CONVERSION = YES_AGGRESSIVE;
				CLANG_CXX_LANGUAGE_STANDARD = "gnu++20";
				CLANG_ENABLE_MODULES = YES;
				CLANG_ENABLE_OBJC_ARC = YES;
				CLANG_ENABLE_OBJC_WEAK = YES;
				CLANG_WARN_BLOCK_CAPTURE_AUTORELEASING = YES;
				CLANG_WARN_BOOL_CONVERSION = YES;
				CLANG_WARN_COMMA = YES;
				CLANG_WARN_CONSTANT_CONVERSION = YES;
				CLANG_WARN_DEPRECATED_OBJC_IMPLEMENTATIONS = YES;
				CLANG_WARN_DIRECT_OBJC_ISA_USAGE = YES_ERROR;
				CLANG_WARN_DOCUMENTATION_COMMENTS = YES;
				CLANG_WARN_EMPTY_BODY = YES;
				CLANG_WARN_ENUM_CONVERSION = YES;
				CLANG_WARN_INFINITE_RECURSION = YES;
				CLANG_WARN_INT_CONVERSION = YES;
				CLANG_WARN_NON_LITERAL_NULL_CONVERSION = YES;
				CLANG_WARN_OBJC_IMPLICIT_RETAIN_SELF = YES;
				CLANG_WARN_OBJC_LITERAL_CONVERSION = YES;
				CLANG_WARN_OBJC_ROOT_CLASS = YES_ERROR;
				CLANG_WARN_QUOTED_INCLUDE_IN_FRAMEWORK_HEADER = YES;
				CLANG_WARN_RANGE_LOOP_ANALYSIS = YES;
				CLANG_WARN_STRICT_PROTOTYPES = YES;
				CLANG_WARN_SUSPICIOUS_MOVE = YES;
				CLANG_WARN_UNGUARDED_AVAILABILITY = YES_AGGRESSIVE;
				CLANG_WARN_UNREACHABLE_CODE = YES;
				CLANG_WARN__DUPLICATE_METHOD_MATCH = YES;
				COPY_PHASE_STRIP = NO;
				DEBUG_INFORMATION_FORMAT = dwarf;
				ENABLE_STRICT_OBJC_MSGSEND = YES;
				ENABLE_TESTABILITY = YES;
				ENABLE_USER_SCRIPT_SANDBOXING = YES;
				GCC_C_LANGUAGE_STANDARD = gnu17;
				GCC_DYNAMIC_NO_PIC = NO;
				GCC_NO_COMMON_BLOCKS = YES;
				GCC_OPTIMIZATION_LEVEL = 0;
				GCC_PREPROCESSOR_DEFINITIONS = (
					"DEBUG=1",
					"$(inherited)",
				);
				GCC_WARN_64_TO_32_BIT_CONVERSION = YES;
				GCC_WARN_ABOUT_RETURN_TYPE = YES_ERROR;
				GCC_WARN_UNDECLARED_SELECTOR = YES;
				GCC_WARN_UNINITIALIZED_AUTOS = YES_AGGRESSIVE;
				GCC_WARN_UNUSED_FUNCTION = YES;
				GCC_WARN_UNUSED_VARIABLE = YES;
				LOCALIZATION_PREFERS_STRING_CATALOGS = YES;
				MTL_ENABLE_DEBUG_INFO = INCLUDE_SOURCE;
				MTL_FAST_MATH = YES;
				ONLY_ACTIVE_ARCH = YES;
				SWIFT_ACTIVE_COMPILATION_CONDITIONS = "DEBUG $(inherited)";
				SWIFT_OPTIMIZATION_LEVEL = "-Onone";
			};
			name = Debug;
		};
		37A655142BA5385800B96BEB /* Release */ = {
			isa = XCBuildConfiguration;
			buildSettings = {
				ALWAYS_SEARCH_USER_PATHS = NO;
				ASSETCATALOG_COMPILER_GENERATE_SWIFT_ASSET_SYMBOL_EXTENSIONS = YES;
				CLANG_ANALYZER_NONNULL = YES;
				CLANG_ANALYZER_NUMBER_OBJECT_CONVERSION = YES_AGGRESSIVE;
				CLANG_CXX_LANGUAGE_STANDARD = "gnu++20";
				CLANG_ENABLE_MODULES = YES;
				CLANG_ENABLE_OBJC_ARC = YES;
				CLANG_ENABLE_OBJC_WEAK = YES;
				CLANG_WARN_BLOCK_CAPTURE_AUTORELEASING = YES;
				CLANG_WARN_BOOL_CONVERSION = YES;
				CLANG_WARN_COMMA = YES;
				CLANG_WARN_CONSTANT_CONVERSION = YES;
				CLANG_WARN_DEPRECATED_OBJC_IMPLEMENTATIONS = YES;
				CLANG_WARN_DIRECT_OBJC_ISA_USAGE = YES_ERROR;
				CLANG_WARN_DOCUMENTATION_COMMENTS = YES;
				CLANG_WARN_EMPTY_BODY = YES;
				CLANG_WARN_ENUM_CONVERSION = YES;
				CLANG_WARN_INFINITE_RECURSION = YES;
				CLANG_WARN_INT_CONVERSION = YES;
				CLANG_WARN_NON_LITERAL_NULL_CONVERSION = YES;
				CLANG_WARN_OBJC_IMPLICIT_RETAIN_SELF = YES;
				CLANG_WARN_OBJC_LITERAL_CONVERSION = YES;
				CLANG_WARN_OBJC_ROOT_CLASS = YES_ERROR;
				CLANG_WARN_QUOTED_INCLUDE_IN_FRAMEWORK_HEADER = YES;
				CLANG_WARN_RANGE_LOOP_ANALYSIS = YES;
				CLANG_WARN_STRICT_PROTOTYPES = YES;
				CLANG_WARN_SUSPICIOUS_MOVE = YES;
				CLANG_WARN_UNGUARDED_AVAILABILITY = YES_AGGRESSIVE;
				CLANG_WARN_UNREACHABLE_CODE = YES;
				CLANG_WARN__DUPLICATE_METHOD_MATCH = YES;
				COPY_PHASE_STRIP = NO;
				DEBUG_INFORMATION_FORMAT = "dwarf-with-dsym";
				ENABLE_NS_ASSERTIONS = NO;
				ENABLE_STRICT_OBJC_MSGSEND = YES;
				ENABLE_USER_SCRIPT_SANDBOXING = YES;
				GCC_C_LANGUAGE_STANDARD = gnu17;
				GCC_NO_COMMON_BLOCKS = YES;
				GCC_WARN_64_TO_32_BIT_CONVERSION = YES;
				GCC_WARN_ABOUT_RETURN_TYPE = YES_ERROR;
				GCC_WARN_UNDECLARED_SELECTOR = YES;
				GCC_WARN_UNINITIALIZED_AUTOS = YES_AGGRESSIVE;
				GCC_WARN_UNUSED_FUNCTION = YES;
				GCC_WARN_UNUSED_VARIABLE = YES;
				LOCALIZATION_PREFERS_STRING_CATALOGS = YES;
				MTL_ENABLE_DEBUG_INFO = NO;
				MTL_FAST_MATH = YES;
				SWIFT_COMPILATION_MODE = wholemodule;
			};
			name = Release;
		};
		37A655162BA5385800B96BEB /* Debug */ = {
			isa = XCBuildConfiguration;
			buildSettings = {
				ASSETCATALOG_COMPILER_APPICON_NAME = AppIcon;
				ASSETCATALOG_COMPILER_GLOBAL_ACCENT_COLOR_NAME = AccentColor;
				CODE_SIGN_ENTITLEMENTS = "One Rep/One_Rep.entitlements";
				CODE_SIGN_STYLE = Automatic;
				CURRENT_PROJECT_VERSION = 1;
				DEVELOPMENT_ASSET_PATHS = "\"One Rep/Preview Content\"";
				DEVELOPMENT_TEAM = GSRZAW977J;
				ENABLE_HARDENED_RUNTIME = YES;
				ENABLE_PREVIEWS = YES;
				GENERATE_INFOPLIST_FILE = YES;
				"INFOPLIST_KEY_UIApplicationSceneManifest_Generation[sdk=iphoneos*]" = YES;
				"INFOPLIST_KEY_UIApplicationSceneManifest_Generation[sdk=iphonesimulator*]" = YES;
				"INFOPLIST_KEY_UIApplicationSupportsIndirectInputEvents[sdk=iphoneos*]" = YES;
				"INFOPLIST_KEY_UIApplicationSupportsIndirectInputEvents[sdk=iphonesimulator*]" = YES;
				"INFOPLIST_KEY_UILaunchScreen_Generation[sdk=iphoneos*]" = YES;
				"INFOPLIST_KEY_UILaunchScreen_Generation[sdk=iphonesimulator*]" = YES;
				"INFOPLIST_KEY_UIStatusBarStyle[sdk=iphoneos*]" = UIStatusBarStyleDefault;
				"INFOPLIST_KEY_UIStatusBarStyle[sdk=iphonesimulator*]" = UIStatusBarStyleDefault;
				INFOPLIST_KEY_UISupportedInterfaceOrientations_iPad = "UIInterfaceOrientationPortrait UIInterfaceOrientationPortraitUpsideDown UIInterfaceOrientationLandscapeLeft UIInterfaceOrientationLandscapeRight";
				INFOPLIST_KEY_UISupportedInterfaceOrientations_iPhone = "UIInterfaceOrientationPortrait UIInterfaceOrientationLandscapeLeft UIInterfaceOrientationLandscapeRight";
				IPHONEOS_DEPLOYMENT_TARGET = 17.0;
				LD_RUNPATH_SEARCH_PATHS = "@executable_path/Frameworks";
				"LD_RUNPATH_SEARCH_PATHS[sdk=macosx*]" = "@executable_path/../Frameworks";
				MACOSX_DEPLOYMENT_TARGET = 14.0;
				MARKETING_VERSION = 1.0;
				PRODUCT_BUNDLE_IDENTIFIER = "com.dylanierugan.One-Rep";
				PRODUCT_NAME = "$(TARGET_NAME)";
				SDKROOT = auto;
				SUPPORTED_PLATFORMS = "iphoneos iphonesimulator macosx";
				SWIFT_EMIT_LOC_STRINGS = YES;
				SWIFT_VERSION = 5.0;
				TARGETED_DEVICE_FAMILY = "1,2";
			};
			name = Debug;
		};
		37A655172BA5385800B96BEB /* Release */ = {
			isa = XCBuildConfiguration;
			buildSettings = {
				ASSETCATALOG_COMPILER_APPICON_NAME = AppIcon;
				ASSETCATALOG_COMPILER_GLOBAL_ACCENT_COLOR_NAME = AccentColor;
				CODE_SIGN_ENTITLEMENTS = "One Rep/One_Rep.entitlements";
				CODE_SIGN_STYLE = Automatic;
				CURRENT_PROJECT_VERSION = 1;
				DEVELOPMENT_ASSET_PATHS = "\"One Rep/Preview Content\"";
				DEVELOPMENT_TEAM = GSRZAW977J;
				ENABLE_HARDENED_RUNTIME = YES;
				ENABLE_PREVIEWS = YES;
				GENERATE_INFOPLIST_FILE = YES;
				"INFOPLIST_KEY_UIApplicationSceneManifest_Generation[sdk=iphoneos*]" = YES;
				"INFOPLIST_KEY_UIApplicationSceneManifest_Generation[sdk=iphonesimulator*]" = YES;
				"INFOPLIST_KEY_UIApplicationSupportsIndirectInputEvents[sdk=iphoneos*]" = YES;
				"INFOPLIST_KEY_UIApplicationSupportsIndirectInputEvents[sdk=iphonesimulator*]" = YES;
				"INFOPLIST_KEY_UILaunchScreen_Generation[sdk=iphoneos*]" = YES;
				"INFOPLIST_KEY_UILaunchScreen_Generation[sdk=iphonesimulator*]" = YES;
				"INFOPLIST_KEY_UIStatusBarStyle[sdk=iphoneos*]" = UIStatusBarStyleDefault;
				"INFOPLIST_KEY_UIStatusBarStyle[sdk=iphonesimulator*]" = UIStatusBarStyleDefault;
				INFOPLIST_KEY_UISupportedInterfaceOrientations_iPad = "UIInterfaceOrientationPortrait UIInterfaceOrientationPortraitUpsideDown UIInterfaceOrientationLandscapeLeft UIInterfaceOrientationLandscapeRight";
				INFOPLIST_KEY_UISupportedInterfaceOrientations_iPhone = "UIInterfaceOrientationPortrait UIInterfaceOrientationLandscapeLeft UIInterfaceOrientationLandscapeRight";
				IPHONEOS_DEPLOYMENT_TARGET = 17.0;
				LD_RUNPATH_SEARCH_PATHS = "@executable_path/Frameworks";
				"LD_RUNPATH_SEARCH_PATHS[sdk=macosx*]" = "@executable_path/../Frameworks";
				MACOSX_DEPLOYMENT_TARGET = 14.0;
				MARKETING_VERSION = 1.0;
				PRODUCT_BUNDLE_IDENTIFIER = "com.dylanierugan.One-Rep";
				PRODUCT_NAME = "$(TARGET_NAME)";
				SDKROOT = auto;
				SUPPORTED_PLATFORMS = "iphoneos iphonesimulator macosx";
				SWIFT_EMIT_LOC_STRINGS = YES;
				SWIFT_VERSION = 5.0;
				TARGETED_DEVICE_FAMILY = "1,2";
			};
			name = Release;
		};
/* End XCBuildConfiguration section */

/* Begin XCConfigurationList section */
		37A655012BA5385600B96BEB /* Build configuration list for PBXProject "One Rep" */ = {
			isa = XCConfigurationList;
			buildConfigurations = (
				37A655132BA5385800B96BEB /* Debug */,
				37A655142BA5385800B96BEB /* Release */,
			);
			defaultConfigurationIsVisible = 0;
			defaultConfigurationName = Release;
		};
		37A655152BA5385800B96BEB /* Build configuration list for PBXNativeTarget "One Rep" */ = {
			isa = XCConfigurationList;
			buildConfigurations = (
				37A655162BA5385800B96BEB /* Debug */,
				37A655172BA5385800B96BEB /* Release */,
			);
			defaultConfigurationIsVisible = 0;
			defaultConfigurationName = Release;
		};
/* End XCConfigurationList section */

/* Begin XCRemoteSwiftPackageReference section */
		37A6554A2BB0C07B00B96BEB /* XCRemoteSwiftPackageReference "realm-swift" */ = {
			isa = XCRemoteSwiftPackageReference;
			repositoryURL = "https://github.com/realm/realm-swift.git";
			requirement = {
				kind = exactVersion;
				version = 10.49.1;
			};
		};
/* End XCRemoteSwiftPackageReference section */

/* Begin XCSwiftPackageProductDependency section */
		37A6554B2BB0C07B00B96BEB /* Realm */ = {
			isa = XCSwiftPackageProductDependency;
			package = 37A6554A2BB0C07B00B96BEB /* XCRemoteSwiftPackageReference "realm-swift" */;
			productName = Realm;
		};
		37A6554D2BB0C07B00B96BEB /* RealmSwift */ = {
			isa = XCSwiftPackageProductDependency;
			package = 37A6554A2BB0C07B00B96BEB /* XCRemoteSwiftPackageReference "realm-swift" */;
			productName = RealmSwift;
		};
/* End XCSwiftPackageProductDependency section */
	};
	rootObject = 37A654FE2BA5385600B96BEB /* Project object */;
}
