// !$*UTF8*$!
{
	archiveVersion = 1;
	classes = {
	};
	objectVersion = 56;
	objects = {

/* Begin PBXBuildFile section */
		3707305C2BEE7DA600E95989 /* Routine.swift in Sources */ = {isa = PBXBuildFile; fileRef = 3707305B2BEE7DA600E95989 /* Routine.swift */; };
		3707305E2BF063CC00E95989 /* RoutineViewModel.swift in Sources */ = {isa = PBXBuildFile; fileRef = 3707305D2BF063CC00E95989 /* RoutineViewModel.swift */; };
		370730602BF0679600E95989 /* AccountSection.swift in Sources */ = {isa = PBXBuildFile; fileRef = 3707305F2BF0679600E95989 /* AccountSection.swift */; };
		370730622BF06A9E00E95989 /* LogOutButton.swift in Sources */ = {isa = PBXBuildFile; fileRef = 370730612BF06A9E00E95989 /* LogOutButton.swift */; };
		370730662BF07BA500E95989 /* ToggleEditLogButton.swift in Sources */ = {isa = PBXBuildFile; fileRef = 370730652BF07BA500E95989 /* ToggleEditLogButton.swift */; };
		370730682BF07E6F00E95989 /* ShowFullScreenButton.swift in Sources */ = {isa = PBXBuildFile; fileRef = 370730672BF07E6F00E95989 /* ShowFullScreenButton.swift */; };
		3707306A2BF083C300E95989 /* DeleteLogTrashIconButton.swift in Sources */ = {isa = PBXBuildFile; fileRef = 370730692BF083C300E95989 /* DeleteLogTrashIconButton.swift */; };
		370730702BF16ECD00E95989 /* MovementSelectionPicker.swift in Sources */ = {isa = PBXBuildFile; fileRef = 3707306F2BF16ECD00E95989 /* MovementSelectionPicker.swift */; };
		370730722BF3BE8900E95989 /* ActivityView.swift in Sources */ = {isa = PBXBuildFile; fileRef = 370730712BF3BE8900E95989 /* ActivityView.swift */; };
		370730762BF7240F00E95989 /* CalendarView.swift in Sources */ = {isa = PBXBuildFile; fileRef = 370730752BF7240F00E95989 /* CalendarView.swift */; };
		370730782BF72A1800E95989 /* CalendarDateButton.swift in Sources */ = {isa = PBXBuildFile; fileRef = 370730772BF72A1800E95989 /* CalendarDateButton.swift */; };
		3707307A2BF8805900E95989 /* DayPicker.swift in Sources */ = {isa = PBXBuildFile; fileRef = 370730792BF8805900E95989 /* DayPicker.swift */; };
		3707307C2BF88AE500E95989 /* DateViewModel.swift in Sources */ = {isa = PBXBuildFile; fileRef = 3707307B2BF88AE500E95989 /* DateViewModel.swift */; };
		3707307E2BF98A5A00E95989 /* ShowCalendarButton.swift in Sources */ = {isa = PBXBuildFile; fileRef = 3707307D2BF98A5A00E95989 /* ShowCalendarButton.swift */; };
		370730802BF98D1A00E95989 /* DateView.swift in Sources */ = {isa = PBXBuildFile; fileRef = 3707307F2BF98D1A00E95989 /* DateView.swift */; };
		370730822BF9D39C00E95989 /* MoveWeekButtons.swift in Sources */ = {isa = PBXBuildFile; fileRef = 370730812BF9D39C00E95989 /* MoveWeekButtons.swift */; };
		370730852BF9D57000E95989 /* MoveMonthButtons.swift in Sources */ = {isa = PBXBuildFile; fileRef = 370730842BF9D57000E95989 /* MoveMonthButtons.swift */; };
		370730872BF9D64F00E95989 /* ActivityMovementDataView.swift in Sources */ = {isa = PBXBuildFile; fileRef = 370730862BF9D64F00E95989 /* ActivityMovementDataView.swift */; };
		3707308B2BFA691D00E95989 /* LogIndexLabel.swift in Sources */ = {isa = PBXBuildFile; fileRef = 3707308A2BFA691D00E95989 /* LogIndexLabel.swift */; };
		3707308D2BFEBA2500E95989 /* UnitSection.swift in Sources */ = {isa = PBXBuildFile; fileRef = 3707308C2BFEBA2500E95989 /* UnitSection.swift */; };
		370730942BFF0C7200E95989 /* EditWeightTextField.swift in Sources */ = {isa = PBXBuildFile; fileRef = 370730932BFF0C7200E95989 /* EditWeightTextField.swift */; };
		370730962BFF13AD00E95989 /* EditLogView.swift in Sources */ = {isa = PBXBuildFile; fileRef = 370730952BFF13AD00E95989 /* EditLogView.swift */; };
		3707309B2BFF71E800E95989 /* EditRepsTextField.swift in Sources */ = {isa = PBXBuildFile; fileRef = 3707309A2BFF71E800E95989 /* EditRepsTextField.swift */; };
		3707309E2BFF843400E95989 /* UpdateLogButton.swift in Sources */ = {isa = PBXBuildFile; fileRef = 3707309D2BFF843400E95989 /* UpdateLogButton.swift */; };
		370730A02BFF84B400E95989 /* DeleteLogButton.swift in Sources */ = {isa = PBXBuildFile; fileRef = 3707309F2BFF84B400E95989 /* DeleteLogButton.swift */; };
		370730A22BFFF58D00E95989 /* LogController.swift in Sources */ = {isa = PBXBuildFile; fileRef = 370730A12BFFF58D00E95989 /* LogController.swift */; };
		370730A52C01638D00E95989 /* AccountView.swift in Sources */ = {isa = PBXBuildFile; fileRef = 370730A42C01638D00E95989 /* AccountView.swift */; };
		370730A82C01668A00E95989 /* DeleteAccountButton.swift in Sources */ = {isa = PBXBuildFile; fileRef = 370730A72C01668A00E95989 /* DeleteAccountButton.swift */; };
		370730AB2C022C9000E95989 /* AuthService.swift in Sources */ = {isa = PBXBuildFile; fileRef = 370730AA2C022C9000E95989 /* AuthService.swift */; };
		374069582C2E530C00692ECD /* GoogleService-Info.plist in Resources */ = {isa = PBXBuildFile; fileRef = 374069572C2E530C00692ECD /* GoogleService-Info.plist */; };
		374069702C2E5D9800692ECD /* AuthManager.swift in Sources */ = {isa = PBXBuildFile; fileRef = 3740696F2C2E5D9800692ECD /* AuthManager.swift */; };
		374069722C2E5EB400692ECD /* AppleSignInManager.swift in Sources */ = {isa = PBXBuildFile; fileRef = 374069712C2E5EB400692ECD /* AppleSignInManager.swift */; };
		374069742C2E664900692ECD /* LoginView.swift in Sources */ = {isa = PBXBuildFile; fileRef = 374069732C2E664900692ECD /* LoginView.swift */; };
		374069762C2E945700692ECD /* MovementsViewModel.swift in Sources */ = {isa = PBXBuildFile; fileRef = 374069752C2E945700692ECD /* MovementsViewModel.swift */; };
		3740697A2C2F14AC00692ECD /* LoadDataView.swift in Sources */ = {isa = PBXBuildFile; fileRef = 374069792C2F14AC00692ECD /* LoadDataView.swift */; };
		3740697C2C2FC26D00692ECD /* LogViewModel.swift in Sources */ = {isa = PBXBuildFile; fileRef = 3740697B2C2FC26D00692ECD /* LogViewModel.swift */; };
		3742229F2C37226300A7AEFA /* MovementViewModel.swift in Sources */ = {isa = PBXBuildFile; fileRef = 3742229E2C37226300A7AEFA /* MovementViewModel.swift */; };
		3753E5A72C560DD000182530 /* AddRoutineButton.swift in Sources */ = {isa = PBXBuildFile; fileRef = 3753E5A62C560DD000182530 /* AddRoutineButton.swift */; };
		3753E5AB2C5C3A3500182530 /* RoutineCard.swift in Sources */ = {isa = PBXBuildFile; fileRef = 3753E5AA2C5C3A3500182530 /* RoutineCard.swift */; };
		3753E5AD2C5D399900182530 /* SelectedRoutineView.swift in Sources */ = {isa = PBXBuildFile; fileRef = 3753E5AC2C5D399900182530 /* SelectedRoutineView.swift */; };
		3753E5AF2C5D47D500182530 /* RoutineMovementCard.swift in Sources */ = {isa = PBXBuildFile; fileRef = 3753E5AE2C5D47D500182530 /* RoutineMovementCard.swift */; };
		3753E5B12C5D4D9D00182530 /* RoutineTitle.swift in Sources */ = {isa = PBXBuildFile; fileRef = 3753E5B02C5D4D9D00182530 /* RoutineTitle.swift */; };
		3753E5B32C61C3A100182530 /* AddMovementsView.swift in Sources */ = {isa = PBXBuildFile; fileRef = 3753E5B22C61C3A100182530 /* AddMovementsView.swift */; };
		3753E5B52C61C3B000182530 /* AddMovementsToolButton.swift in Sources */ = {isa = PBXBuildFile; fileRef = 3753E5B42C61C3B000182530 /* AddMovementsToolButton.swift */; };
		376B58652C44431D007C82E9 /* FirebaseAnalytics in Frameworks */ = {isa = PBXBuildFile; productRef = 376B58642C44431D007C82E9 /* FirebaseAnalytics */; };
		376B58672C44431D007C82E9 /* FirebaseAnalyticsOnDeviceConversion in Frameworks */ = {isa = PBXBuildFile; productRef = 376B58662C44431D007C82E9 /* FirebaseAnalyticsOnDeviceConversion */; };
		376B58692C44431D007C82E9 /* FirebaseAnalyticsSwift in Frameworks */ = {isa = PBXBuildFile; productRef = 376B58682C44431D007C82E9 /* FirebaseAnalyticsSwift */; };
		376B586B2C44431D007C82E9 /* FirebaseAnalyticsWithoutAdIdSupport in Frameworks */ = {isa = PBXBuildFile; productRef = 376B586A2C44431D007C82E9 /* FirebaseAnalyticsWithoutAdIdSupport */; };
		376B586D2C44431D007C82E9 /* FirebaseAppCheck in Frameworks */ = {isa = PBXBuildFile; productRef = 376B586C2C44431D007C82E9 /* FirebaseAppCheck */; };
		376B586F2C44431D007C82E9 /* FirebaseAppDistribution-Beta in Frameworks */ = {isa = PBXBuildFile; productRef = 376B586E2C44431D007C82E9 /* FirebaseAppDistribution-Beta */; };
		376B58712C44431D007C82E9 /* FirebaseAuth in Frameworks */ = {isa = PBXBuildFile; productRef = 376B58702C44431D007C82E9 /* FirebaseAuth */; };
		376B58732C44431D007C82E9 /* FirebaseAuthCombine-Community in Frameworks */ = {isa = PBXBuildFile; productRef = 376B58722C44431D007C82E9 /* FirebaseAuthCombine-Community */; };
		376B58752C44431D007C82E9 /* FirebaseCrashlytics in Frameworks */ = {isa = PBXBuildFile; productRef = 376B58742C44431D007C82E9 /* FirebaseCrashlytics */; };
		376B58772C44431D007C82E9 /* FirebaseDatabase in Frameworks */ = {isa = PBXBuildFile; productRef = 376B58762C44431D007C82E9 /* FirebaseDatabase */; };
		376B58792C44431D007C82E9 /* FirebaseDatabaseSwift in Frameworks */ = {isa = PBXBuildFile; productRef = 376B58782C44431D007C82E9 /* FirebaseDatabaseSwift */; };
		376B587B2C44431D007C82E9 /* FirebaseDynamicLinks in Frameworks */ = {isa = PBXBuildFile; productRef = 376B587A2C44431D007C82E9 /* FirebaseDynamicLinks */; };
		376B587D2C44431D007C82E9 /* FirebaseFirestore in Frameworks */ = {isa = PBXBuildFile; productRef = 376B587C2C44431D007C82E9 /* FirebaseFirestore */; };
		376B587F2C44431D007C82E9 /* FirebaseFirestoreCombine-Community in Frameworks */ = {isa = PBXBuildFile; productRef = 376B587E2C44431D007C82E9 /* FirebaseFirestoreCombine-Community */; };
		376B58812C44431D007C82E9 /* FirebaseFirestoreSwift in Frameworks */ = {isa = PBXBuildFile; productRef = 376B58802C44431D007C82E9 /* FirebaseFirestoreSwift */; };
		376B58832C44431D007C82E9 /* FirebaseFunctions in Frameworks */ = {isa = PBXBuildFile; productRef = 376B58822C44431D007C82E9 /* FirebaseFunctions */; };
		376B58852C44431D007C82E9 /* FirebaseFunctionsCombine-Community in Frameworks */ = {isa = PBXBuildFile; productRef = 376B58842C44431D007C82E9 /* FirebaseFunctionsCombine-Community */; };
		376B58872C44431D007C82E9 /* FirebaseInAppMessaging-Beta in Frameworks */ = {isa = PBXBuildFile; productRef = 376B58862C44431D007C82E9 /* FirebaseInAppMessaging-Beta */; };
		376B58892C44431D007C82E9 /* FirebaseInAppMessagingSwift-Beta in Frameworks */ = {isa = PBXBuildFile; productRef = 376B58882C44431D007C82E9 /* FirebaseInAppMessagingSwift-Beta */; };
		376B588B2C44431D007C82E9 /* FirebaseInstallations in Frameworks */ = {isa = PBXBuildFile; productRef = 376B588A2C44431D007C82E9 /* FirebaseInstallations */; };
		376B588D2C44431D007C82E9 /* FirebaseMLModelDownloader in Frameworks */ = {isa = PBXBuildFile; productRef = 376B588C2C44431D007C82E9 /* FirebaseMLModelDownloader */; };
		376B588F2C44431D007C82E9 /* FirebaseMessaging in Frameworks */ = {isa = PBXBuildFile; productRef = 376B588E2C44431D007C82E9 /* FirebaseMessaging */; };
		376B58912C44431D007C82E9 /* FirebasePerformance in Frameworks */ = {isa = PBXBuildFile; productRef = 376B58902C44431D007C82E9 /* FirebasePerformance */; };
		376B58932C44431D007C82E9 /* FirebaseRemoteConfig in Frameworks */ = {isa = PBXBuildFile; productRef = 376B58922C44431D007C82E9 /* FirebaseRemoteConfig */; };
		376B58952C44431D007C82E9 /* FirebaseRemoteConfigSwift in Frameworks */ = {isa = PBXBuildFile; productRef = 376B58942C44431D007C82E9 /* FirebaseRemoteConfigSwift */; };
		376B58972C44431D007C82E9 /* FirebaseStorage in Frameworks */ = {isa = PBXBuildFile; productRef = 376B58962C44431D007C82E9 /* FirebaseStorage */; };
		376B58992C44431D007C82E9 /* FirebaseStorageCombine-Community in Frameworks */ = {isa = PBXBuildFile; productRef = 376B58982C44431D007C82E9 /* FirebaseStorageCombine-Community */; };
		376B589B2C44431D007C82E9 /* FirebaseVertexAI-Preview in Frameworks */ = {isa = PBXBuildFile; productRef = 376B589A2C44431D007C82E9 /* FirebaseVertexAI-Preview */; };
		376B589D2C4C20AA007C82E9 /* ActivityMovementCard.swift in Sources */ = {isa = PBXBuildFile; fileRef = 376B589C2C4C20AA007C82E9 /* ActivityMovementCard.swift */; };
		376B58A52C4C52D5007C82E9 /* AppearanceSection.swift in Sources */ = {isa = PBXBuildFile; fileRef = 376B58A42C4C52D5007C82E9 /* AppearanceSection.swift */; };
		376B58A72C4C8D79007C82E9 /* EditBodyweightTextField.swift in Sources */ = {isa = PBXBuildFile; fileRef = 376B58A62C4C8D79007C82E9 /* EditBodyweightTextField.swift */; };
		376B58A92C4CD78D007C82E9 /* RoutinesViewModel.swift in Sources */ = {isa = PBXBuildFile; fileRef = 376B58A82C4CD78D007C82E9 /* RoutinesViewModel.swift */; };
		376B58AC2C4D659E007C82E9 /* RoutinesView.swift in Sources */ = {isa = PBXBuildFile; fileRef = 376B58AB2C4D659E007C82E9 /* RoutinesView.swift */; };
		376B58AE2C4D69CC007C82E9 /* AddRoutineView.swift in Sources */ = {isa = PBXBuildFile; fileRef = 376B58AD2C4D69CC007C82E9 /* AddRoutineView.swift */; };
		376B58B02C4D6B92007C82E9 /* AddRoutineToolButton.swift in Sources */ = {isa = PBXBuildFile; fileRef = 376B58AF2C4D6B92007C82E9 /* AddRoutineToolButton.swift */; };
		376B58B22C4F4B65007C82E9 /* RoutineNameTextfield.swift in Sources */ = {isa = PBXBuildFile; fileRef = 376B58B12C4F4B65007C82E9 /* RoutineNameTextfield.swift */; };
		376B58B42C4F4DB8007C82E9 /* RoutineIconPicker.swift in Sources */ = {isa = PBXBuildFile; fileRef = 376B58B32C4F4DB8007C82E9 /* RoutineIconPicker.swift */; };
		376B58B62C50A2AA007C82E9 /* SelectMovementsButton.swift in Sources */ = {isa = PBXBuildFile; fileRef = 376B58B52C50A2AA007C82E9 /* SelectMovementsButton.swift */; };
		376B58B82C50A3D7007C82E9 /* SelectMovementsView.swift in Sources */ = {isa = PBXBuildFile; fileRef = 376B58B72C50A3D7007C82E9 /* SelectMovementsView.swift */; };
		37881F502C05AC1800ABBF42 /* OneRepProgressView.swift in Sources */ = {isa = PBXBuildFile; fileRef = 37881F4F2C05AC1800ABBF42 /* OneRepProgressView.swift */; };
		37881F522C0DA22A00ABBF42 /* MovementTypePicker.swift in Sources */ = {isa = PBXBuildFile; fileRef = 37881F512C0DA22A00ABBF42 /* MovementTypePicker.swift */; };
		37881F542C0DAA6300ABBF42 /* BodyweightSection.swift in Sources */ = {isa = PBXBuildFile; fileRef = 37881F532C0DAA6300ABBF42 /* BodyweightSection.swift */; };
		37881F562C0DAAB700ABBF42 /* RecordBodyweightView.swift in Sources */ = {isa = PBXBuildFile; fileRef = 37881F552C0DAAB700ABBF42 /* RecordBodyweightView.swift */; };
		37881F582C0E17CE00ABBF42 /* UserModel.swift in Sources */ = {isa = PBXBuildFile; fileRef = 37881F572C0E17CE00ABBF42 /* UserModel.swift */; };
		37881F5A2C0E950500ABBF42 /* BodyweightTextField.swift in Sources */ = {isa = PBXBuildFile; fileRef = 37881F592C0E950500ABBF42 /* BodyweightTextField.swift */; };
		37881F5C2C0F624100ABBF42 /* AddNewBodyweightButton.swift in Sources */ = {isa = PBXBuildFile; fileRef = 37881F5B2C0F624100ABBF42 /* AddNewBodyweightButton.swift */; };
		37881F5E2C164C5C00ABBF42 /* SetBodyweightButtonLink.swift in Sources */ = {isa = PBXBuildFile; fileRef = 37881F5D2C164C5C00ABBF42 /* SetBodyweightButtonLink.swift */; };
		37881F602C164CDC00ABBF42 /* LogWeightSection.swift in Sources */ = {isa = PBXBuildFile; fileRef = 37881F5F2C164CDC00ABBF42 /* LogWeightSection.swift */; };
		37881F622C166B6D00ABBF42 /* BodyweightEntry.swift in Sources */ = {isa = PBXBuildFile; fileRef = 37881F612C166B6D00ABBF42 /* BodyweightEntry.swift */; };
		37881F642C1DEA5D00ABBF42 /* LogBodyweightSection.swift in Sources */ = {isa = PBXBuildFile; fileRef = 37881F632C1DEA5D00ABBF42 /* LogBodyweightSection.swift */; };
		37881F662C1DF34D00ABBF42 /* BodyweightView.swift in Sources */ = {isa = PBXBuildFile; fileRef = 37881F652C1DF34D00ABBF42 /* BodyweightView.swift */; };
		37A6550A2BA5385600B96BEB /* One_RepApp.swift in Sources */ = {isa = PBXBuildFile; fileRef = 37A655092BA5385600B96BEB /* One_RepApp.swift */; };
		37A6550E2BA5385800B96BEB /* Assets.xcassets in Resources */ = {isa = PBXBuildFile; fileRef = 37A6550D2BA5385800B96BEB /* Assets.xcassets */; };
		37A655122BA5385800B96BEB /* Preview Assets.xcassets in Resources */ = {isa = PBXBuildFile; fileRef = 37A655112BA5385800B96BEB /* Preview Assets.xcassets */; };
		37A6551E2BA5F80300B96BEB /* ViewRouter.swift in Sources */ = {isa = PBXBuildFile; fileRef = 37A6551D2BA5F80300B96BEB /* ViewRouter.swift */; };
		37A655222BA5F86600B96BEB /* MotherView.swift in Sources */ = {isa = PBXBuildFile; fileRef = 37A655212BA5F86600B96BEB /* MotherView.swift */; };
		37A655242BA5F88200B96BEB /* TabHolderView.swift in Sources */ = {isa = PBXBuildFile; fileRef = 37A655232BA5F88200B96BEB /* TabHolderView.swift */; };
		37A655262BA5F8A700B96BEB /* SignInWithApple.swift in Sources */ = {isa = PBXBuildFile; fileRef = 37A655252BA5F8A700B96BEB /* SignInWithApple.swift */; };
		37A655282BA5F8C200B96BEB /* OneRepLogo.swift in Sources */ = {isa = PBXBuildFile; fileRef = 37A655272BA5F8C200B96BEB /* OneRepLogo.swift */; };
		37A6552C2BA5F8FA00B96BEB /* MovementsView.swift in Sources */ = {isa = PBXBuildFile; fileRef = 37A6552B2BA5F8FA00B96BEB /* MovementsView.swift */; };
		37A6552E2BA5F91100B96BEB /* SettingsView.swift in Sources */ = {isa = PBXBuildFile; fileRef = 37A6552D2BA5F91100B96BEB /* SettingsView.swift */; };
		37A655302BA5F98C00B96BEB /* Enums.swift in Sources */ = {isa = PBXBuildFile; fileRef = 37A6552F2BA5F98C00B96BEB /* Enums.swift */; };
		37A655362BA7466300B96BEB /* Movement.swift in Sources */ = {isa = PBXBuildFile; fileRef = 37A655352BA7466300B96BEB /* Movement.swift */; };
		37A655382BA7470B00B96BEB /* Log.swift in Sources */ = {isa = PBXBuildFile; fileRef = 37A655372BA7470B00B96BEB /* Log.swift */; };
		37A6553F2BAA8BCE00B96BEB /* AddMovementView.swift in Sources */ = {isa = PBXBuildFile; fileRef = 37A6553E2BAA8BCE00B96BEB /* AddMovementView.swift */; };
		37A655412BAA8DD500B96BEB /* MovementNameTextField.swift in Sources */ = {isa = PBXBuildFile; fileRef = 37A655402BAA8DD500B96BEB /* MovementNameTextField.swift */; };
		37A655432BAA902300B96BEB /* AddMovementToolButton.swift in Sources */ = {isa = PBXBuildFile; fileRef = 37A655422BAA902300B96BEB /* AddMovementToolButton.swift */; };
		37A655452BAA965C00B96BEB /* MusclePicker.swift in Sources */ = {isa = PBXBuildFile; fileRef = 37A655442BAA965C00B96BEB /* MusclePicker.swift */; };
		37A655472BAA98AC00B96BEB /* AddMovementButton.swift in Sources */ = {isa = PBXBuildFile; fileRef = 37A655462BAA98AC00B96BEB /* AddMovementButton.swift */; };
		37A655502BB2830200B96BEB /* MovementCardButton.swift in Sources */ = {isa = PBXBuildFile; fileRef = 37A6554F2BB2830200B96BEB /* MovementCardButton.swift */; };
		37A655522BB30DDA00B96BEB /* HorizontalScroller.swift in Sources */ = {isa = PBXBuildFile; fileRef = 37A655512BB30DDA00B96BEB /* HorizontalScroller.swift */; };
		37A655542BB30E1200B96BEB /* HapticManager.swift in Sources */ = {isa = PBXBuildFile; fileRef = 37A655532BB30E1200B96BEB /* HapticManager.swift */; };
		37A655562BBDAD4F00B96BEB /* EditMovementView.swift in Sources */ = {isa = PBXBuildFile; fileRef = 37A655552BBDAD4F00B96BEB /* EditMovementView.swift */; };
		37A6555B2BBDADD100B96BEB /* DeleteMovementButton.swift in Sources */ = {isa = PBXBuildFile; fileRef = 37A6555A2BBDADD100B96BEB /* DeleteMovementButton.swift */; };
		37A6555D2BBE3DF800B96BEB /* Demo.swift in Sources */ = {isa = PBXBuildFile; fileRef = 37A6555C2BBE3DF800B96BEB /* Demo.swift */; };
		37A655602BC1B95A00B96BEB /* FontModifier.swift in Sources */ = {isa = PBXBuildFile; fileRef = 37A6555F2BC1B95A00B96BEB /* FontModifier.swift */; };
		37A655622BC1EF6A00B96BEB /* ThemeSection.swift in Sources */ = {isa = PBXBuildFile; fileRef = 37A655612BC1EF6A00B96BEB /* ThemeSection.swift */; };
		37A655642BC1F00A00B96BEB /* ThemeModel.swift in Sources */ = {isa = PBXBuildFile; fileRef = 37A655632BC1F00A00B96BEB /* ThemeModel.swift */; };
		37A655672BC6025300B96BEB /* LogView.swift in Sources */ = {isa = PBXBuildFile; fileRef = 37A655662BC6025300B96BEB /* LogView.swift */; };
		37A655692BC602CC00B96BEB /* MutateRepsButton.swift in Sources */ = {isa = PBXBuildFile; fileRef = 37A655682BC602CC00B96BEB /* MutateRepsButton.swift */; };
		37A6556B2BC602F000B96BEB /* MutateWeightButton.swift in Sources */ = {isa = PBXBuildFile; fileRef = 37A6556A2BC602F000B96BEB /* MutateWeightButton.swift */; };
		37A6556D2BC60CD300B96BEB /* MutateRepsView.swift in Sources */ = {isa = PBXBuildFile; fileRef = 37A6556C2BC60CD300B96BEB /* MutateRepsView.swift */; };
		37A6556F2BC60D4700B96BEB /* MutateWeightsView.swift in Sources */ = {isa = PBXBuildFile; fileRef = 37A6556E2BC60D4700B96BEB /* MutateWeightsView.swift */; };
		37A655772BC60E4400B96BEB /* EditMovementButton.swift in Sources */ = {isa = PBXBuildFile; fileRef = 37A655762BC60E4400B96BEB /* EditMovementButton.swift */; };
		37A655792BC60E5D00B96BEB /* LogSetButton.swift in Sources */ = {isa = PBXBuildFile; fileRef = 37A655782BC60E5D00B96BEB /* LogSetButton.swift */; };
		37C70C2E2BD4504E00B0375A /* UpdateMovementButton.swift in Sources */ = {isa = PBXBuildFile; fileRef = 37C70C2D2BD4504E00B0375A /* UpdateMovementButton.swift */; };
		37C70C322BDD52C200B0375A /* LogCard.swift in Sources */ = {isa = PBXBuildFile; fileRef = 37C70C312BDD52C200B0375A /* LogCard.swift */; };
		37C70C342BE2806100B0375A /* WeightHorizontalScroller.swift in Sources */ = {isa = PBXBuildFile; fileRef = 37C70C332BE2806100B0375A /* WeightHorizontalScroller.swift */; };
		37FAB2632C3A187B00FDD05B /* ErrorHandler.swift in Sources */ = {isa = PBXBuildFile; fileRef = 37FAB2622C3A187B00FDD05B /* ErrorHandler.swift */; };
		37FAB2652C3AFAB000FDD05B /* LogViewSubHeading.swift in Sources */ = {isa = PBXBuildFile; fileRef = 37FAB2642C3AFAB000FDD05B /* LogViewSubHeading.swift */; };
		37FAB2672C3B013C00FDD05B /* LogListView.swift in Sources */ = {isa = PBXBuildFile; fileRef = 37FAB2662C3B013C00FDD05B /* LogListView.swift */; };
		37FAB2692C44278400FDD05B /* UserViewModel.swift in Sources */ = {isa = PBXBuildFile; fileRef = 37FAB2682C44278400FDD05B /* UserViewModel.swift */; };
/* End PBXBuildFile section */

/* Begin PBXFileReference section */
		3707305B2BEE7DA600E95989 /* Routine.swift */ = {isa = PBXFileReference; lastKnownFileType = sourcecode.swift; path = Routine.swift; sourceTree = "<group>"; };
		3707305D2BF063CC00E95989 /* RoutineViewModel.swift */ = {isa = PBXFileReference; lastKnownFileType = sourcecode.swift; path = RoutineViewModel.swift; sourceTree = "<group>"; };
		3707305F2BF0679600E95989 /* AccountSection.swift */ = {isa = PBXFileReference; lastKnownFileType = sourcecode.swift; path = AccountSection.swift; sourceTree = "<group>"; };
		370730612BF06A9E00E95989 /* LogOutButton.swift */ = {isa = PBXFileReference; lastKnownFileType = sourcecode.swift; path = LogOutButton.swift; sourceTree = "<group>"; };
		370730652BF07BA500E95989 /* ToggleEditLogButton.swift */ = {isa = PBXFileReference; lastKnownFileType = sourcecode.swift; path = ToggleEditLogButton.swift; sourceTree = "<group>"; };
		370730672BF07E6F00E95989 /* ShowFullScreenButton.swift */ = {isa = PBXFileReference; lastKnownFileType = sourcecode.swift; path = ShowFullScreenButton.swift; sourceTree = "<group>"; };
		370730692BF083C300E95989 /* DeleteLogTrashIconButton.swift */ = {isa = PBXFileReference; lastKnownFileType = sourcecode.swift; path = DeleteLogTrashIconButton.swift; sourceTree = "<group>"; };
		3707306F2BF16ECD00E95989 /* MovementSelectionPicker.swift */ = {isa = PBXFileReference; lastKnownFileType = sourcecode.swift; path = MovementSelectionPicker.swift; sourceTree = "<group>"; };
		370730712BF3BE8900E95989 /* ActivityView.swift */ = {isa = PBXFileReference; lastKnownFileType = sourcecode.swift; path = ActivityView.swift; sourceTree = "<group>"; };
		370730752BF7240F00E95989 /* CalendarView.swift */ = {isa = PBXFileReference; lastKnownFileType = sourcecode.swift; path = CalendarView.swift; sourceTree = "<group>"; };
		370730772BF72A1800E95989 /* CalendarDateButton.swift */ = {isa = PBXFileReference; lastKnownFileType = sourcecode.swift; path = CalendarDateButton.swift; sourceTree = "<group>"; };
		370730792BF8805900E95989 /* DayPicker.swift */ = {isa = PBXFileReference; lastKnownFileType = sourcecode.swift; path = DayPicker.swift; sourceTree = "<group>"; };
		3707307B2BF88AE500E95989 /* DateViewModel.swift */ = {isa = PBXFileReference; lastKnownFileType = sourcecode.swift; path = DateViewModel.swift; sourceTree = "<group>"; };
		3707307D2BF98A5A00E95989 /* ShowCalendarButton.swift */ = {isa = PBXFileReference; lastKnownFileType = sourcecode.swift; path = ShowCalendarButton.swift; sourceTree = "<group>"; };
		3707307F2BF98D1A00E95989 /* DateView.swift */ = {isa = PBXFileReference; lastKnownFileType = sourcecode.swift; path = DateView.swift; sourceTree = "<group>"; };
		370730812BF9D39C00E95989 /* MoveWeekButtons.swift */ = {isa = PBXFileReference; lastKnownFileType = sourcecode.swift; path = MoveWeekButtons.swift; sourceTree = "<group>"; };
		370730842BF9D57000E95989 /* MoveMonthButtons.swift */ = {isa = PBXFileReference; lastKnownFileType = sourcecode.swift; path = MoveMonthButtons.swift; sourceTree = "<group>"; };
		370730862BF9D64F00E95989 /* ActivityMovementDataView.swift */ = {isa = PBXFileReference; lastKnownFileType = sourcecode.swift; path = ActivityMovementDataView.swift; sourceTree = "<group>"; };
		3707308A2BFA691D00E95989 /* LogIndexLabel.swift */ = {isa = PBXFileReference; lastKnownFileType = sourcecode.swift; path = LogIndexLabel.swift; sourceTree = "<group>"; };
		3707308C2BFEBA2500E95989 /* UnitSection.swift */ = {isa = PBXFileReference; lastKnownFileType = sourcecode.swift; path = UnitSection.swift; sourceTree = "<group>"; };
		370730932BFF0C7200E95989 /* EditWeightTextField.swift */ = {isa = PBXFileReference; lastKnownFileType = sourcecode.swift; path = EditWeightTextField.swift; sourceTree = "<group>"; };
		370730952BFF13AD00E95989 /* EditLogView.swift */ = {isa = PBXFileReference; lastKnownFileType = sourcecode.swift; path = EditLogView.swift; sourceTree = "<group>"; };
		3707309A2BFF71E800E95989 /* EditRepsTextField.swift */ = {isa = PBXFileReference; lastKnownFileType = sourcecode.swift; path = EditRepsTextField.swift; sourceTree = "<group>"; };
		3707309D2BFF843400E95989 /* UpdateLogButton.swift */ = {isa = PBXFileReference; lastKnownFileType = sourcecode.swift; path = UpdateLogButton.swift; sourceTree = "<group>"; };
		3707309F2BFF84B400E95989 /* DeleteLogButton.swift */ = {isa = PBXFileReference; lastKnownFileType = sourcecode.swift; path = DeleteLogButton.swift; sourceTree = "<group>"; };
		370730A12BFFF58D00E95989 /* LogController.swift */ = {isa = PBXFileReference; lastKnownFileType = sourcecode.swift; path = LogController.swift; sourceTree = "<group>"; };
		370730A42C01638D00E95989 /* AccountView.swift */ = {isa = PBXFileReference; lastKnownFileType = sourcecode.swift; path = AccountView.swift; sourceTree = "<group>"; };
		370730A72C01668A00E95989 /* DeleteAccountButton.swift */ = {isa = PBXFileReference; lastKnownFileType = sourcecode.swift; path = DeleteAccountButton.swift; sourceTree = "<group>"; };
		370730AA2C022C9000E95989 /* AuthService.swift */ = {isa = PBXFileReference; lastKnownFileType = sourcecode.swift; path = AuthService.swift; sourceTree = "<group>"; };
		374069572C2E530C00692ECD /* GoogleService-Info.plist */ = {isa = PBXFileReference; fileEncoding = 4; lastKnownFileType = text.plist.xml; path = "GoogleService-Info.plist"; sourceTree = "<group>"; };
		3740696F2C2E5D9800692ECD /* AuthManager.swift */ = {isa = PBXFileReference; lastKnownFileType = sourcecode.swift; path = AuthManager.swift; sourceTree = "<group>"; };
		374069712C2E5EB400692ECD /* AppleSignInManager.swift */ = {isa = PBXFileReference; lastKnownFileType = sourcecode.swift; path = AppleSignInManager.swift; sourceTree = "<group>"; };
		374069732C2E664900692ECD /* LoginView.swift */ = {isa = PBXFileReference; lastKnownFileType = sourcecode.swift; path = LoginView.swift; sourceTree = "<group>"; };
		374069752C2E945700692ECD /* MovementsViewModel.swift */ = {isa = PBXFileReference; lastKnownFileType = sourcecode.swift; path = MovementsViewModel.swift; sourceTree = "<group>"; };
		374069792C2F14AC00692ECD /* LoadDataView.swift */ = {isa = PBXFileReference; lastKnownFileType = sourcecode.swift; path = LoadDataView.swift; sourceTree = "<group>"; };
		3740697B2C2FC26D00692ECD /* LogViewModel.swift */ = {isa = PBXFileReference; lastKnownFileType = sourcecode.swift; path = LogViewModel.swift; sourceTree = "<group>"; };
		3742229E2C37226300A7AEFA /* MovementViewModel.swift */ = {isa = PBXFileReference; fileEncoding = 4; lastKnownFileType = sourcecode.swift; path = MovementViewModel.swift; sourceTree = "<group>"; };
		3753E5A62C560DD000182530 /* AddRoutineButton.swift */ = {isa = PBXFileReference; lastKnownFileType = sourcecode.swift; path = AddRoutineButton.swift; sourceTree = "<group>"; };
		3753E5AA2C5C3A3500182530 /* RoutineCard.swift */ = {isa = PBXFileReference; lastKnownFileType = sourcecode.swift; path = RoutineCard.swift; sourceTree = "<group>"; };
		3753E5AC2C5D399900182530 /* SelectedRoutineView.swift */ = {isa = PBXFileReference; lastKnownFileType = sourcecode.swift; path = SelectedRoutineView.swift; sourceTree = "<group>"; };
		3753E5AE2C5D47D500182530 /* RoutineMovementCard.swift */ = {isa = PBXFileReference; lastKnownFileType = sourcecode.swift; path = RoutineMovementCard.swift; sourceTree = "<group>"; };
		3753E5B02C5D4D9D00182530 /* RoutineTitle.swift */ = {isa = PBXFileReference; lastKnownFileType = sourcecode.swift; path = RoutineTitle.swift; sourceTree = "<group>"; };
		3753E5B22C61C3A100182530 /* AddMovementsView.swift */ = {isa = PBXFileReference; lastKnownFileType = sourcecode.swift; path = AddMovementsView.swift; sourceTree = "<group>"; };
		3753E5B42C61C3B000182530 /* AddMovementsToolButton.swift */ = {isa = PBXFileReference; lastKnownFileType = sourcecode.swift; path = AddMovementsToolButton.swift; sourceTree = "<group>"; };
		376B589C2C4C20AA007C82E9 /* ActivityMovementCard.swift */ = {isa = PBXFileReference; lastKnownFileType = sourcecode.swift; path = ActivityMovementCard.swift; sourceTree = "<group>"; };
		376B58A42C4C52D5007C82E9 /* AppearanceSection.swift */ = {isa = PBXFileReference; lastKnownFileType = sourcecode.swift; path = AppearanceSection.swift; sourceTree = "<group>"; };
		376B58A62C4C8D79007C82E9 /* EditBodyweightTextField.swift */ = {isa = PBXFileReference; lastKnownFileType = sourcecode.swift; path = EditBodyweightTextField.swift; sourceTree = "<group>"; };
		376B58A82C4CD78D007C82E9 /* RoutinesViewModel.swift */ = {isa = PBXFileReference; lastKnownFileType = sourcecode.swift; path = RoutinesViewModel.swift; sourceTree = "<group>"; };
		376B58AB2C4D659E007C82E9 /* RoutinesView.swift */ = {isa = PBXFileReference; lastKnownFileType = sourcecode.swift; path = RoutinesView.swift; sourceTree = "<group>"; };
		376B58AD2C4D69CC007C82E9 /* AddRoutineView.swift */ = {isa = PBXFileReference; lastKnownFileType = sourcecode.swift; path = AddRoutineView.swift; sourceTree = "<group>"; };
		376B58AF2C4D6B92007C82E9 /* AddRoutineToolButton.swift */ = {isa = PBXFileReference; lastKnownFileType = sourcecode.swift; path = AddRoutineToolButton.swift; sourceTree = "<group>"; };
		376B58B12C4F4B65007C82E9 /* RoutineNameTextfield.swift */ = {isa = PBXFileReference; lastKnownFileType = sourcecode.swift; path = RoutineNameTextfield.swift; sourceTree = "<group>"; };
		376B58B32C4F4DB8007C82E9 /* RoutineIconPicker.swift */ = {isa = PBXFileReference; lastKnownFileType = sourcecode.swift; path = RoutineIconPicker.swift; sourceTree = "<group>"; };
		376B58B52C50A2AA007C82E9 /* SelectMovementsButton.swift */ = {isa = PBXFileReference; lastKnownFileType = sourcecode.swift; path = SelectMovementsButton.swift; sourceTree = "<group>"; };
		376B58B72C50A3D7007C82E9 /* SelectMovementsView.swift */ = {isa = PBXFileReference; lastKnownFileType = sourcecode.swift; path = SelectMovementsView.swift; sourceTree = "<group>"; };
		37881F4F2C05AC1800ABBF42 /* OneRepProgressView.swift */ = {isa = PBXFileReference; lastKnownFileType = sourcecode.swift; path = OneRepProgressView.swift; sourceTree = "<group>"; };
		37881F512C0DA22A00ABBF42 /* MovementTypePicker.swift */ = {isa = PBXFileReference; lastKnownFileType = sourcecode.swift; path = MovementTypePicker.swift; sourceTree = "<group>"; };
		37881F532C0DAA6300ABBF42 /* BodyweightSection.swift */ = {isa = PBXFileReference; lastKnownFileType = sourcecode.swift; path = BodyweightSection.swift; sourceTree = "<group>"; };
		37881F552C0DAAB700ABBF42 /* RecordBodyweightView.swift */ = {isa = PBXFileReference; lastKnownFileType = sourcecode.swift; path = RecordBodyweightView.swift; sourceTree = "<group>"; };
		37881F572C0E17CE00ABBF42 /* UserModel.swift */ = {isa = PBXFileReference; lastKnownFileType = sourcecode.swift; path = UserModel.swift; sourceTree = "<group>"; };
		37881F592C0E950500ABBF42 /* BodyweightTextField.swift */ = {isa = PBXFileReference; lastKnownFileType = sourcecode.swift; path = BodyweightTextField.swift; sourceTree = "<group>"; };
		37881F5B2C0F624100ABBF42 /* AddNewBodyweightButton.swift */ = {isa = PBXFileReference; lastKnownFileType = sourcecode.swift; path = AddNewBodyweightButton.swift; sourceTree = "<group>"; };
		37881F5D2C164C5C00ABBF42 /* SetBodyweightButtonLink.swift */ = {isa = PBXFileReference; lastKnownFileType = sourcecode.swift; path = SetBodyweightButtonLink.swift; sourceTree = "<group>"; };
		37881F5F2C164CDC00ABBF42 /* LogWeightSection.swift */ = {isa = PBXFileReference; lastKnownFileType = sourcecode.swift; path = LogWeightSection.swift; sourceTree = "<group>"; };
		37881F612C166B6D00ABBF42 /* BodyweightEntry.swift */ = {isa = PBXFileReference; lastKnownFileType = sourcecode.swift; path = BodyweightEntry.swift; sourceTree = "<group>"; };
		37881F632C1DEA5D00ABBF42 /* LogBodyweightSection.swift */ = {isa = PBXFileReference; lastKnownFileType = sourcecode.swift; path = LogBodyweightSection.swift; sourceTree = "<group>"; };
		37881F652C1DF34D00ABBF42 /* BodyweightView.swift */ = {isa = PBXFileReference; lastKnownFileType = sourcecode.swift; path = BodyweightView.swift; sourceTree = "<group>"; };
		37A655062BA5385600B96BEB /* One Rep.app */ = {isa = PBXFileReference; explicitFileType = wrapper.application; includeInIndex = 0; path = "One Rep.app"; sourceTree = BUILT_PRODUCTS_DIR; };
		37A655092BA5385600B96BEB /* One_RepApp.swift */ = {isa = PBXFileReference; lastKnownFileType = sourcecode.swift; path = One_RepApp.swift; sourceTree = "<group>"; };
		37A6550D2BA5385800B96BEB /* Assets.xcassets */ = {isa = PBXFileReference; lastKnownFileType = folder.assetcatalog; path = Assets.xcassets; sourceTree = "<group>"; };
		37A6550F2BA5385800B96BEB /* One_Rep.entitlements */ = {isa = PBXFileReference; lastKnownFileType = text.plist.entitlements; path = One_Rep.entitlements; sourceTree = "<group>"; };
		37A655112BA5385800B96BEB /* Preview Assets.xcassets */ = {isa = PBXFileReference; lastKnownFileType = folder.assetcatalog; path = "Preview Assets.xcassets"; sourceTree = "<group>"; };
		37A6551D2BA5F80300B96BEB /* ViewRouter.swift */ = {isa = PBXFileReference; lastKnownFileType = sourcecode.swift; path = ViewRouter.swift; sourceTree = "<group>"; };
		37A655212BA5F86600B96BEB /* MotherView.swift */ = {isa = PBXFileReference; lastKnownFileType = sourcecode.swift; path = MotherView.swift; sourceTree = "<group>"; };
		37A655232BA5F88200B96BEB /* TabHolderView.swift */ = {isa = PBXFileReference; lastKnownFileType = sourcecode.swift; path = TabHolderView.swift; sourceTree = "<group>"; };
		37A655252BA5F8A700B96BEB /* SignInWithApple.swift */ = {isa = PBXFileReference; lastKnownFileType = sourcecode.swift; path = SignInWithApple.swift; sourceTree = "<group>"; };
		37A655272BA5F8C200B96BEB /* OneRepLogo.swift */ = {isa = PBXFileReference; lastKnownFileType = sourcecode.swift; path = OneRepLogo.swift; sourceTree = "<group>"; };
		37A6552B2BA5F8FA00B96BEB /* MovementsView.swift */ = {isa = PBXFileReference; lastKnownFileType = sourcecode.swift; path = MovementsView.swift; sourceTree = "<group>"; };
		37A6552D2BA5F91100B96BEB /* SettingsView.swift */ = {isa = PBXFileReference; lastKnownFileType = sourcecode.swift; path = SettingsView.swift; sourceTree = "<group>"; };
		37A6552F2BA5F98C00B96BEB /* Enums.swift */ = {isa = PBXFileReference; lastKnownFileType = sourcecode.swift; path = Enums.swift; sourceTree = "<group>"; };
		37A655352BA7466300B96BEB /* Movement.swift */ = {isa = PBXFileReference; lastKnownFileType = sourcecode.swift; path = Movement.swift; sourceTree = "<group>"; };
		37A655372BA7470B00B96BEB /* Log.swift */ = {isa = PBXFileReference; lastKnownFileType = sourcecode.swift; path = Log.swift; sourceTree = "<group>"; };
		37A6553E2BAA8BCE00B96BEB /* AddMovementView.swift */ = {isa = PBXFileReference; lastKnownFileType = sourcecode.swift; path = AddMovementView.swift; sourceTree = "<group>"; };
		37A655402BAA8DD500B96BEB /* MovementNameTextField.swift */ = {isa = PBXFileReference; lastKnownFileType = sourcecode.swift; path = MovementNameTextField.swift; sourceTree = "<group>"; };
		37A655422BAA902300B96BEB /* AddMovementToolButton.swift */ = {isa = PBXFileReference; lastKnownFileType = sourcecode.swift; path = AddMovementToolButton.swift; sourceTree = "<group>"; };
		37A655442BAA965C00B96BEB /* MusclePicker.swift */ = {isa = PBXFileReference; lastKnownFileType = sourcecode.swift; path = MusclePicker.swift; sourceTree = "<group>"; };
		37A655462BAA98AC00B96BEB /* AddMovementButton.swift */ = {isa = PBXFileReference; lastKnownFileType = sourcecode.swift; path = AddMovementButton.swift; sourceTree = "<group>"; };
		37A6554F2BB2830200B96BEB /* MovementCardButton.swift */ = {isa = PBXFileReference; lastKnownFileType = sourcecode.swift; path = MovementCardButton.swift; sourceTree = "<group>"; };
		37A655512BB30DDA00B96BEB /* HorizontalScroller.swift */ = {isa = PBXFileReference; lastKnownFileType = sourcecode.swift; path = HorizontalScroller.swift; sourceTree = "<group>"; };
		37A655532BB30E1200B96BEB /* HapticManager.swift */ = {isa = PBXFileReference; lastKnownFileType = sourcecode.swift; path = HapticManager.swift; sourceTree = "<group>"; };
		37A655552BBDAD4F00B96BEB /* EditMovementView.swift */ = {isa = PBXFileReference; lastKnownFileType = sourcecode.swift; path = EditMovementView.swift; sourceTree = "<group>"; };
		37A6555A2BBDADD100B96BEB /* DeleteMovementButton.swift */ = {isa = PBXFileReference; lastKnownFileType = sourcecode.swift; path = DeleteMovementButton.swift; sourceTree = "<group>"; };
		37A6555C2BBE3DF800B96BEB /* Demo.swift */ = {isa = PBXFileReference; lastKnownFileType = sourcecode.swift; path = Demo.swift; sourceTree = "<group>"; };
		37A6555F2BC1B95A00B96BEB /* FontModifier.swift */ = {isa = PBXFileReference; lastKnownFileType = sourcecode.swift; path = FontModifier.swift; sourceTree = "<group>"; };
		37A655612BC1EF6A00B96BEB /* ThemeSection.swift */ = {isa = PBXFileReference; lastKnownFileType = sourcecode.swift; path = ThemeSection.swift; sourceTree = "<group>"; };
		37A655632BC1F00A00B96BEB /* ThemeModel.swift */ = {isa = PBXFileReference; lastKnownFileType = sourcecode.swift; path = ThemeModel.swift; sourceTree = "<group>"; };
		37A655662BC6025300B96BEB /* LogView.swift */ = {isa = PBXFileReference; lastKnownFileType = sourcecode.swift; path = LogView.swift; sourceTree = "<group>"; };
		37A655682BC602CC00B96BEB /* MutateRepsButton.swift */ = {isa = PBXFileReference; lastKnownFileType = sourcecode.swift; path = MutateRepsButton.swift; sourceTree = "<group>"; };
		37A6556A2BC602F000B96BEB /* MutateWeightButton.swift */ = {isa = PBXFileReference; lastKnownFileType = sourcecode.swift; path = MutateWeightButton.swift; sourceTree = "<group>"; };
		37A6556C2BC60CD300B96BEB /* MutateRepsView.swift */ = {isa = PBXFileReference; lastKnownFileType = sourcecode.swift; path = MutateRepsView.swift; sourceTree = "<group>"; };
		37A6556E2BC60D4700B96BEB /* MutateWeightsView.swift */ = {isa = PBXFileReference; lastKnownFileType = sourcecode.swift; path = MutateWeightsView.swift; sourceTree = "<group>"; };
		37A655762BC60E4400B96BEB /* EditMovementButton.swift */ = {isa = PBXFileReference; lastKnownFileType = sourcecode.swift; path = EditMovementButton.swift; sourceTree = "<group>"; };
		37A655782BC60E5D00B96BEB /* LogSetButton.swift */ = {isa = PBXFileReference; lastKnownFileType = sourcecode.swift; path = LogSetButton.swift; sourceTree = "<group>"; };
		37C70C2D2BD4504E00B0375A /* UpdateMovementButton.swift */ = {isa = PBXFileReference; lastKnownFileType = sourcecode.swift; path = UpdateMovementButton.swift; sourceTree = "<group>"; };
		37C70C312BDD52C200B0375A /* LogCard.swift */ = {isa = PBXFileReference; lastKnownFileType = sourcecode.swift; path = LogCard.swift; sourceTree = "<group>"; };
		37C70C332BE2806100B0375A /* WeightHorizontalScroller.swift */ = {isa = PBXFileReference; lastKnownFileType = sourcecode.swift; path = WeightHorizontalScroller.swift; sourceTree = "<group>"; };
		37FAB2622C3A187B00FDD05B /* ErrorHandler.swift */ = {isa = PBXFileReference; lastKnownFileType = sourcecode.swift; path = ErrorHandler.swift; sourceTree = "<group>"; };
		37FAB2642C3AFAB000FDD05B /* LogViewSubHeading.swift */ = {isa = PBXFileReference; lastKnownFileType = sourcecode.swift; path = LogViewSubHeading.swift; sourceTree = "<group>"; };
		37FAB2662C3B013C00FDD05B /* LogListView.swift */ = {isa = PBXFileReference; lastKnownFileType = sourcecode.swift; path = LogListView.swift; sourceTree = "<group>"; };
		37FAB2682C44278400FDD05B /* UserViewModel.swift */ = {isa = PBXFileReference; lastKnownFileType = sourcecode.swift; path = UserViewModel.swift; sourceTree = "<group>"; };
/* End PBXFileReference section */

/* Begin PBXFrameworksBuildPhase section */
		37A655032BA5385600B96BEB /* Frameworks */ = {
			isa = PBXFrameworksBuildPhase;
			buildActionMask = 2147483647;
			files = (
				376B58772C44431D007C82E9 /* FirebaseDatabase in Frameworks */,
				376B58852C44431D007C82E9 /* FirebaseFunctionsCombine-Community in Frameworks */,
				376B587D2C44431D007C82E9 /* FirebaseFirestore in Frameworks */,
				376B58692C44431D007C82E9 /* FirebaseAnalyticsSwift in Frameworks */,
				376B58652C44431D007C82E9 /* FirebaseAnalytics in Frameworks */,
				376B58672C44431D007C82E9 /* FirebaseAnalyticsOnDeviceConversion in Frameworks */,
				376B588D2C44431D007C82E9 /* FirebaseMLModelDownloader in Frameworks */,
				376B58812C44431D007C82E9 /* FirebaseFirestoreSwift in Frameworks */,
				376B586D2C44431D007C82E9 /* FirebaseAppCheck in Frameworks */,
				376B586B2C44431D007C82E9 /* FirebaseAnalyticsWithoutAdIdSupport in Frameworks */,
				376B58712C44431D007C82E9 /* FirebaseAuth in Frameworks */,
				376B58752C44431D007C82E9 /* FirebaseCrashlytics in Frameworks */,
				376B58952C44431D007C82E9 /* FirebaseRemoteConfigSwift in Frameworks */,
				376B58872C44431D007C82E9 /* FirebaseInAppMessaging-Beta in Frameworks */,
				376B58792C44431D007C82E9 /* FirebaseDatabaseSwift in Frameworks */,
				376B58832C44431D007C82E9 /* FirebaseFunctions in Frameworks */,
				376B58992C44431D007C82E9 /* FirebaseStorageCombine-Community in Frameworks */,
				376B58932C44431D007C82E9 /* FirebaseRemoteConfig in Frameworks */,
				376B586F2C44431D007C82E9 /* FirebaseAppDistribution-Beta in Frameworks */,
				376B58732C44431D007C82E9 /* FirebaseAuthCombine-Community in Frameworks */,
				376B58912C44431D007C82E9 /* FirebasePerformance in Frameworks */,
				376B58892C44431D007C82E9 /* FirebaseInAppMessagingSwift-Beta in Frameworks */,
				376B58972C44431D007C82E9 /* FirebaseStorage in Frameworks */,
				376B587B2C44431D007C82E9 /* FirebaseDynamicLinks in Frameworks */,
				376B589B2C44431D007C82E9 /* FirebaseVertexAI-Preview in Frameworks */,
				376B587F2C44431D007C82E9 /* FirebaseFirestoreCombine-Community in Frameworks */,
				376B588F2C44431D007C82E9 /* FirebaseMessaging in Frameworks */,
				376B588B2C44431D007C82E9 /* FirebaseInstallations in Frameworks */,
			);
			runOnlyForDeploymentPostprocessing = 0;
		};
/* End PBXFrameworksBuildPhase section */

/* Begin PBXGroup section */
		370730732BF7239D00E95989 /* Activity */ = {
			isa = PBXGroup;
			children = (
				370730712BF3BE8900E95989 /* ActivityView.swift */,
				370730862BF9D64F00E95989 /* ActivityMovementDataView.swift */,
				376B589C2C4C20AA007C82E9 /* ActivityMovementCard.swift */,
				3707308A2BFA691D00E95989 /* LogIndexLabel.swift */,
				370730812BF9D39C00E95989 /* MoveWeekButtons.swift */,
				3707307F2BF98D1A00E95989 /* DateView.swift */,
				370730792BF8805900E95989 /* DayPicker.swift */,
				3707307D2BF98A5A00E95989 /* ShowCalendarButton.swift */,
				370730832BF9D54E00E95989 /* Calendar */,
			);
			path = Activity;
			sourceTree = "<group>";
		};
		370730742BF723BB00E95989 /* Movements */ = {
			isa = PBXGroup;
			children = (
				37A6552B2BA5F8FA00B96BEB /* MovementsView.swift */,
				3707306F2BF16ECD00E95989 /* MovementSelectionPicker.swift */,
				37A655512BB30DDA00B96BEB /* HorizontalScroller.swift */,
				37A655422BAA902300B96BEB /* AddMovementToolButton.swift */,
				37A6554F2BB2830200B96BEB /* MovementCardButton.swift */,
			);
			path = Movements;
			sourceTree = "<group>";
		};
		370730832BF9D54E00E95989 /* Calendar */ = {
			isa = PBXGroup;
			children = (
				370730752BF7240F00E95989 /* CalendarView.swift */,
				370730842BF9D57000E95989 /* MoveMonthButtons.swift */,
				370730772BF72A1800E95989 /* CalendarDateButton.swift */,
			);
			path = Calendar;
			sourceTree = "<group>";
		};
		370730992BFF719C00E95989 /* EditLog */ = {
			isa = PBXGroup;
			children = (
				370730952BFF13AD00E95989 /* EditLogView.swift */,
				376B58A62C4C8D79007C82E9 /* EditBodyweightTextField.swift */,
				370730932BFF0C7200E95989 /* EditWeightTextField.swift */,
				3707309A2BFF71E800E95989 /* EditRepsTextField.swift */,
				370730692BF083C300E95989 /* DeleteLogTrashIconButton.swift */,
				3707309D2BFF843400E95989 /* UpdateLogButton.swift */,
				3707309F2BFF84B400E95989 /* DeleteLogButton.swift */,
			);
			path = EditLog;
			sourceTree = "<group>";
		};
		3707309C2BFF734C00E95989 /* AddLog */ = {
			isa = PBXGroup;
			children = (
				37A655662BC6025300B96BEB /* LogView.swift */,
				37FAB2642C3AFAB000FDD05B /* LogViewSubHeading.swift */,
				37FAB2662C3B013C00FDD05B /* LogListView.swift */,
				37C70C332BE2806100B0375A /* WeightHorizontalScroller.swift */,
				370730672BF07E6F00E95989 /* ShowFullScreenButton.swift */,
				370730652BF07BA500E95989 /* ToggleEditLogButton.swift */,
				37C70C312BDD52C200B0375A /* LogCard.swift */,
				37A655762BC60E4400B96BEB /* EditMovementButton.swift */,
				37881F5F2C164CDC00ABBF42 /* LogWeightSection.swift */,
				37881F632C1DEA5D00ABBF42 /* LogBodyweightSection.swift */,
				37881F5D2C164C5C00ABBF42 /* SetBodyweightButtonLink.swift */,
				37881F652C1DF34D00ABBF42 /* BodyweightView.swift */,
				37A6556E2BC60D4700B96BEB /* MutateWeightsView.swift */,
				37A6556C2BC60CD300B96BEB /* MutateRepsView.swift */,
				37A6556A2BC602F000B96BEB /* MutateWeightButton.swift */,
				37A655682BC602CC00B96BEB /* MutateRepsButton.swift */,
				37A655782BC60E5D00B96BEB /* LogSetButton.swift */,
			);
			path = AddLog;
			sourceTree = "<group>";
		};
		370730A92C022C4900E95989 /* Controllers */ = {
			isa = PBXGroup;
			children = (
				370730A12BFFF58D00E95989 /* LogController.swift */,
				370730AA2C022C9000E95989 /* AuthService.swift */,
			);
			path = Controllers;
			sourceTree = "<group>";
		};
		374069542C2E482500692ECD /* Utilities */ = {
			isa = PBXGroup;
			children = (
				37A6555C2BBE3DF800B96BEB /* Demo.swift */,
				37A6555F2BC1B95A00B96BEB /* FontModifier.swift */,
				37A655532BB30E1200B96BEB /* HapticManager.swift */,
				37A6551D2BA5F80300B96BEB /* ViewRouter.swift */,
				37FAB2622C3A187B00FDD05B /* ErrorHandler.swift */,
			);
			path = Utilities;
			sourceTree = "<group>";
		};
		376B58AA2C4D6535007C82E9 /* Routines */ = {
			isa = PBXGroup;
			children = (
				376B58AB2C4D659E007C82E9 /* RoutinesView.swift */,
				3753E5AA2C5C3A3500182530 /* RoutineCard.swift */,
				3753E5B02C5D4D9D00182530 /* RoutineTitle.swift */,
				3753E5AC2C5D399900182530 /* SelectedRoutineView.swift */,
				3753E5AE2C5D47D500182530 /* RoutineMovementCard.swift */,
				376B58AD2C4D69CC007C82E9 /* AddRoutineView.swift */,
				376B58AF2C4D6B92007C82E9 /* AddRoutineToolButton.swift */,
				376B58B12C4F4B65007C82E9 /* RoutineNameTextfield.swift */,
				376B58B32C4F4DB8007C82E9 /* RoutineIconPicker.swift */,
				376B58B52C50A2AA007C82E9 /* SelectMovementsButton.swift */,
				376B58B72C50A3D7007C82E9 /* SelectMovementsView.swift */,
				3753E5A62C560DD000182530 /* AddRoutineButton.swift */,
				3753E5B22C61C3A100182530 /* AddMovementsView.swift */,
				3753E5B42C61C3B000182530 /* AddMovementsToolButton.swift */,
			);
			path = Routines;
			sourceTree = "<group>";
		};
		37A654FD2BA5385600B96BEB = {
			isa = PBXGroup;
			children = (
				374069572C2E530C00692ECD /* GoogleService-Info.plist */,
				37A655082BA5385600B96BEB /* One Rep */,
				37A655072BA5385600B96BEB /* Products */,
			);
			sourceTree = "<group>";
		};
		37A655072BA5385600B96BEB /* Products */ = {
			isa = PBXGroup;
			children = (
				37A655062BA5385600B96BEB /* One Rep.app */,
			);
			name = Products;
			sourceTree = "<group>";
		};
		37A655082BA5385600B96BEB /* One Rep */ = {
			isa = PBXGroup;
			children = (
				37A655092BA5385600B96BEB /* One_RepApp.swift */,
				37A655212BA5F86600B96BEB /* MotherView.swift */,
				374069792C2F14AC00692ECD /* LoadDataView.swift */,
				37A655232BA5F88200B96BEB /* TabHolderView.swift */,
				37A6552F2BA5F98C00B96BEB /* Enums.swift */,
				37A655312BA745A300B96BEB /* Login */,
				370730742BF723BB00E95989 /* Movements */,
				37A655572BBDAD5300B96BEB /* AddMovement */,
				37A655592BBDADAD00B96BEB /* EditMovement */,
				376B58AA2C4D6535007C82E9 /* Routines */,
				37A655652BC6018700B96BEB /* Logs */,
				370730732BF7239D00E95989 /* Activity */,
				37A655342BA745D400B96BEB /* Settings */,
				370730A92C022C4900E95989 /* Controllers */,
				37A655322BA745C700B96BEB /* Models */,
				374069542C2E482500692ECD /* Utilities */,
				37A6550D2BA5385800B96BEB /* Assets.xcassets */,
				37A6550F2BA5385800B96BEB /* One_Rep.entitlements */,
				37A655102BA5385800B96BEB /* Preview Content */,
			);
			path = "One Rep";
			sourceTree = "<group>";
		};
		37A655102BA5385800B96BEB /* Preview Content */ = {
			isa = PBXGroup;
			children = (
				37A655112BA5385800B96BEB /* Preview Assets.xcassets */,
			);
			path = "Preview Content";
			sourceTree = "<group>";
		};
		37A655312BA745A300B96BEB /* Login */ = {
			isa = PBXGroup;
			children = (
				374069732C2E664900692ECD /* LoginView.swift */,
				37A655272BA5F8C200B96BEB /* OneRepLogo.swift */,
				37881F4F2C05AC1800ABBF42 /* OneRepProgressView.swift */,
				37A655252BA5F8A700B96BEB /* SignInWithApple.swift */,
				3740696F2C2E5D9800692ECD /* AuthManager.swift */,
				374069712C2E5EB400692ECD /* AppleSignInManager.swift */,
			);
			path = Login;
			sourceTree = "<group>";
		};
		37A655322BA745C700B96BEB /* Models */ = {
			isa = PBXGroup;
			children = (
				37FAB26A2C442E2C00FDD05B /* Movement */,
				37FAB26B2C442E3B00FDD05B /* Log */,
				37FAB26C2C442E4800FDD05B /* Routine */,
				37FAB26D2C442E6500FDD05B /* Other */,
				37FAB26E2C442E7A00FDD05B /* User */,
			);
			path = Models;
			sourceTree = "<group>";
		};
		37A655342BA745D400B96BEB /* Settings */ = {
			isa = PBXGroup;
			children = (
				37A6552D2BA5F91100B96BEB /* SettingsView.swift */,
				3707305F2BF0679600E95989 /* AccountSection.swift */,
				37881F532C0DAA6300ABBF42 /* BodyweightSection.swift */,
				376B58A42C4C52D5007C82E9 /* AppearanceSection.swift */,
				37A655612BC1EF6A00B96BEB /* ThemeSection.swift */,
				3707308C2BFEBA2500E95989 /* UnitSection.swift */,
				370730A42C01638D00E95989 /* AccountView.swift */,
				370730612BF06A9E00E95989 /* LogOutButton.swift */,
				370730A72C01668A00E95989 /* DeleteAccountButton.swift */,
				37881F552C0DAAB700ABBF42 /* RecordBodyweightView.swift */,
				37881F592C0E950500ABBF42 /* BodyweightTextField.swift */,
				37881F5B2C0F624100ABBF42 /* AddNewBodyweightButton.swift */,
			);
			path = Settings;
			sourceTree = "<group>";
		};
		37A655572BBDAD5300B96BEB /* AddMovement */ = {
			isa = PBXGroup;
			children = (
				37A6553E2BAA8BCE00B96BEB /* AddMovementView.swift */,
				37A655402BAA8DD500B96BEB /* MovementNameTextField.swift */,
				37881F512C0DA22A00ABBF42 /* MovementTypePicker.swift */,
				37A655442BAA965C00B96BEB /* MusclePicker.swift */,
				37A655462BAA98AC00B96BEB /* AddMovementButton.swift */,
			);
			path = AddMovement;
			sourceTree = "<group>";
		};
		37A655592BBDADAD00B96BEB /* EditMovement */ = {
			isa = PBXGroup;
			children = (
				37A655552BBDAD4F00B96BEB /* EditMovementView.swift */,
				37C70C2D2BD4504E00B0375A /* UpdateMovementButton.swift */,
				37A6555A2BBDADD100B96BEB /* DeleteMovementButton.swift */,
			);
			path = EditMovement;
			sourceTree = "<group>";
		};
		37A655652BC6018700B96BEB /* Logs */ = {
			isa = PBXGroup;
			children = (
				3707309C2BFF734C00E95989 /* AddLog */,
				370730992BFF719C00E95989 /* EditLog */,
			);
			path = Logs;
			sourceTree = "<group>";
		};
		37FAB26A2C442E2C00FDD05B /* Movement */ = {
			isa = PBXGroup;
			children = (
				37A655352BA7466300B96BEB /* Movement.swift */,
				3742229E2C37226300A7AEFA /* MovementViewModel.swift */,
				374069752C2E945700692ECD /* MovementsViewModel.swift */,
			);
			path = Movement;
			sourceTree = "<group>";
		};
		37FAB26B2C442E3B00FDD05B /* Log */ = {
			isa = PBXGroup;
			children = (
				37A655372BA7470B00B96BEB /* Log.swift */,
				3740697B2C2FC26D00692ECD /* LogViewModel.swift */,
			);
			path = Log;
			sourceTree = "<group>";
		};
		37FAB26C2C442E4800FDD05B /* Routine */ = {
			isa = PBXGroup;
			children = (
				3707305B2BEE7DA600E95989 /* Routine.swift */,
				3707305D2BF063CC00E95989 /* RoutineViewModel.swift */,
				376B58A82C4CD78D007C82E9 /* RoutinesViewModel.swift */,
			);
			path = Routine;
			sourceTree = "<group>";
		};
		37FAB26D2C442E6500FDD05B /* Other */ = {
			isa = PBXGroup;
			children = (
				3707307B2BF88AE500E95989 /* DateViewModel.swift */,
				37A655632BC1F00A00B96BEB /* ThemeModel.swift */,
			);
			path = Other;
			sourceTree = "<group>";
		};
		37FAB26E2C442E7A00FDD05B /* User */ = {
			isa = PBXGroup;
			children = (
				37881F572C0E17CE00ABBF42 /* UserModel.swift */,
				37881F612C166B6D00ABBF42 /* BodyweightEntry.swift */,
				37FAB2682C44278400FDD05B /* UserViewModel.swift */,
			);
			path = User;
			sourceTree = "<group>";
		};
/* End PBXGroup section */

/* Begin PBXNativeTarget section */
		37A655052BA5385600B96BEB /* One Rep */ = {
			isa = PBXNativeTarget;
			buildConfigurationList = 37A655152BA5385800B96BEB /* Build configuration list for PBXNativeTarget "One Rep" */;
			buildPhases = (
				37A655022BA5385600B96BEB /* Sources */,
				37A655032BA5385600B96BEB /* Frameworks */,
				37A655042BA5385600B96BEB /* Resources */,
			);
			buildRules = (
			);
			dependencies = (
			);
			name = "One Rep";
			packageProductDependencies = (
				376B58642C44431D007C82E9 /* FirebaseAnalytics */,
				376B58662C44431D007C82E9 /* FirebaseAnalyticsOnDeviceConversion */,
				376B58682C44431D007C82E9 /* FirebaseAnalyticsSwift */,
				376B586A2C44431D007C82E9 /* FirebaseAnalyticsWithoutAdIdSupport */,
				376B586C2C44431D007C82E9 /* FirebaseAppCheck */,
				376B586E2C44431D007C82E9 /* FirebaseAppDistribution-Beta */,
				376B58702C44431D007C82E9 /* FirebaseAuth */,
				376B58722C44431D007C82E9 /* FirebaseAuthCombine-Community */,
				376B58742C44431D007C82E9 /* FirebaseCrashlytics */,
				376B58762C44431D007C82E9 /* FirebaseDatabase */,
				376B58782C44431D007C82E9 /* FirebaseDatabaseSwift */,
				376B587A2C44431D007C82E9 /* FirebaseDynamicLinks */,
				376B587C2C44431D007C82E9 /* FirebaseFirestore */,
				376B587E2C44431D007C82E9 /* FirebaseFirestoreCombine-Community */,
				376B58802C44431D007C82E9 /* FirebaseFirestoreSwift */,
				376B58822C44431D007C82E9 /* FirebaseFunctions */,
				376B58842C44431D007C82E9 /* FirebaseFunctionsCombine-Community */,
				376B58862C44431D007C82E9 /* FirebaseInAppMessaging-Beta */,
				376B58882C44431D007C82E9 /* FirebaseInAppMessagingSwift-Beta */,
				376B588A2C44431D007C82E9 /* FirebaseInstallations */,
				376B588C2C44431D007C82E9 /* FirebaseMLModelDownloader */,
				376B588E2C44431D007C82E9 /* FirebaseMessaging */,
				376B58902C44431D007C82E9 /* FirebasePerformance */,
				376B58922C44431D007C82E9 /* FirebaseRemoteConfig */,
				376B58942C44431D007C82E9 /* FirebaseRemoteConfigSwift */,
				376B58962C44431D007C82E9 /* FirebaseStorage */,
				376B58982C44431D007C82E9 /* FirebaseStorageCombine-Community */,
				376B589A2C44431D007C82E9 /* FirebaseVertexAI-Preview */,
			);
			productName = "One Rep";
			productReference = 37A655062BA5385600B96BEB /* One Rep.app */;
			productType = "com.apple.product-type.application";
		};
/* End PBXNativeTarget section */

/* Begin PBXProject section */
		37A654FE2BA5385600B96BEB /* Project object */ = {
			isa = PBXProject;
			attributes = {
				BuildIndependentTargetsInParallel = 1;
				LastSwiftUpdateCheck = 1500;
				LastUpgradeCheck = 1500;
				TargetAttributes = {
					37A655052BA5385600B96BEB = {
						CreatedOnToolsVersion = 15.0.1;
					};
				};
			};
			buildConfigurationList = 37A655012BA5385600B96BEB /* Build configuration list for PBXProject "One Rep" */;
			compatibilityVersion = "Xcode 14.0";
			developmentRegion = en;
			hasScannedForEncodings = 0;
			knownRegions = (
				en,
				Base,
			);
			mainGroup = 37A654FD2BA5385600B96BEB;
			packageReferences = (
				376B58632C44431D007C82E9 /* XCRemoteSwiftPackageReference "firebase-ios-sdk" */,
			);
			productRefGroup = 37A655072BA5385600B96BEB /* Products */;
			projectDirPath = "";
			projectRoot = "";
			targets = (
				37A655052BA5385600B96BEB /* One Rep */,
			);
		};
/* End PBXProject section */

/* Begin PBXResourcesBuildPhase section */
		37A655042BA5385600B96BEB /* Resources */ = {
			isa = PBXResourcesBuildPhase;
			buildActionMask = 2147483647;
			files = (
				37A655122BA5385800B96BEB /* Preview Assets.xcassets in Resources */,
				37A6550E2BA5385800B96BEB /* Assets.xcassets in Resources */,
				374069582C2E530C00692ECD /* GoogleService-Info.plist in Resources */,
			);
			runOnlyForDeploymentPostprocessing = 0;
		};
/* End PBXResourcesBuildPhase section */

/* Begin PBXSourcesBuildPhase section */
		37A655022BA5385600B96BEB /* Sources */ = {
			isa = PBXSourcesBuildPhase;
			buildActionMask = 2147483647;
			files = (
				3707307A2BF8805900E95989 /* DayPicker.swift in Sources */,
				3742229F2C37226300A7AEFA /* MovementViewModel.swift in Sources */,
				37A6551E2BA5F80300B96BEB /* ViewRouter.swift in Sources */,
				37881F5E2C164C5C00ABBF42 /* SetBodyweightButtonLink.swift in Sources */,
				37881F602C164CDC00ABBF42 /* LogWeightSection.swift in Sources */,
				376B58AC2C4D659E007C82E9 /* RoutinesView.swift in Sources */,
				376B58A72C4C8D79007C82E9 /* EditBodyweightTextField.swift in Sources */,
				3753E5AD2C5D399900182530 /* SelectedRoutineView.swift in Sources */,
				376B58AE2C4D69CC007C82E9 /* AddRoutineView.swift in Sources */,
				37A655432BAA902300B96BEB /* AddMovementToolButton.swift in Sources */,
				3740697C2C2FC26D00692ECD /* LogViewModel.swift in Sources */,
				37A6556D2BC60CD300B96BEB /* MutateRepsView.swift in Sources */,
				37A655772BC60E4400B96BEB /* EditMovementButton.swift in Sources */,
				370730AB2C022C9000E95989 /* AuthService.swift in Sources */,
				374069702C2E5D9800692ECD /* AuthManager.swift in Sources */,
				370730722BF3BE8900E95989 /* ActivityView.swift in Sources */,
				376B58A52C4C52D5007C82E9 /* AppearanceSection.swift in Sources */,
				37A655262BA5F8A700B96BEB /* SignInWithApple.swift in Sources */,
				37A655282BA5F8C200B96BEB /* OneRepLogo.swift in Sources */,
				37A655622BC1EF6A00B96BEB /* ThemeSection.swift in Sources */,
				370730782BF72A1800E95989 /* CalendarDateButton.swift in Sources */,
				370730962BFF13AD00E95989 /* EditLogView.swift in Sources */,
				376B58A92C4CD78D007C82E9 /* RoutinesViewModel.swift in Sources */,
				376B589D2C4C20AA007C82E9 /* ActivityMovementCard.swift in Sources */,
				37A655242BA5F88200B96BEB /* TabHolderView.swift in Sources */,
				376B58B62C50A2AA007C82E9 /* SelectMovementsButton.swift in Sources */,
				370730822BF9D39C00E95989 /* MoveWeekButtons.swift in Sources */,
				3753E5B32C61C3A100182530 /* AddMovementsView.swift in Sources */,
				370730852BF9D57000E95989 /* MoveMonthButtons.swift in Sources */,
				37FAB2672C3B013C00FDD05B /* LogListView.swift in Sources */,
				3707309B2BFF71E800E95989 /* EditRepsTextField.swift in Sources */,
				37881F642C1DEA5D00ABBF42 /* LogBodyweightSection.swift in Sources */,
				37A655412BAA8DD500B96BEB /* MovementNameTextField.swift in Sources */,
				3740697A2C2F14AC00692ECD /* LoadDataView.swift in Sources */,
				376B58B42C4F4DB8007C82E9 /* RoutineIconPicker.swift in Sources */,
				37A6553F2BAA8BCE00B96BEB /* AddMovementView.swift in Sources */,
				37A655692BC602CC00B96BEB /* MutateRepsButton.swift in Sources */,
				37881F542C0DAA6300ABBF42 /* BodyweightSection.swift in Sources */,
				37881F5C2C0F624100ABBF42 /* AddNewBodyweightButton.swift in Sources */,
				37A6556B2BC602F000B96BEB /* MutateWeightButton.swift in Sources */,
				376B58B22C4F4B65007C82E9 /* RoutineNameTextfield.swift in Sources */,
				37881F562C0DAAB700ABBF42 /* RecordBodyweightView.swift in Sources */,
				374069722C2E5EB400692ECD /* AppleSignInManager.swift in Sources */,
				37881F522C0DA22A00ABBF42 /* MovementTypePicker.swift in Sources */,
				3707307E2BF98A5A00E95989 /* ShowCalendarButton.swift in Sources */,
				37881F502C05AC1800ABBF42 /* OneRepProgressView.swift in Sources */,
				3753E5AF2C5D47D500182530 /* RoutineMovementCard.swift in Sources */,
				37C70C2E2BD4504E00B0375A /* UpdateMovementButton.swift in Sources */,
				370730602BF0679600E95989 /* AccountSection.swift in Sources */,
				37A655602BC1B95A00B96BEB /* FontModifier.swift in Sources */,
				3753E5B12C5D4D9D00182530 /* RoutineTitle.swift in Sources */,
				3707305C2BEE7DA600E95989 /* Routine.swift in Sources */,
				37A6555B2BBDADD100B96BEB /* DeleteMovementButton.swift in Sources */,
				3707306A2BF083C300E95989 /* DeleteLogTrashIconButton.swift in Sources */,
				37881F662C1DF34D00ABBF42 /* BodyweightView.swift in Sources */,
				37A6550A2BA5385600B96BEB /* One_RepApp.swift in Sources */,
				370730802BF98D1A00E95989 /* DateView.swift in Sources */,
				37A655542BB30E1200B96BEB /* HapticManager.swift in Sources */,
				37881F622C166B6D00ABBF42 /* BodyweightEntry.swift in Sources */,
				37A655792BC60E5D00B96BEB /* LogSetButton.swift in Sources */,
				3707308D2BFEBA2500E95989 /* UnitSection.swift in Sources */,
				37A655452BAA965C00B96BEB /* MusclePicker.swift in Sources */,
				370730A02BFF84B400E95989 /* DeleteLogButton.swift in Sources */,
				37A655472BAA98AC00B96BEB /* AddMovementButton.swift in Sources */,
				3753E5AB2C5C3A3500182530 /* RoutineCard.swift in Sources */,
				37FAB2632C3A187B00FDD05B /* ErrorHandler.swift in Sources */,
				37A6552E2BA5F91100B96BEB /* SettingsView.swift in Sources */,
				3707308B2BFA691D00E95989 /* LogIndexLabel.swift in Sources */,
				370730622BF06A9E00E95989 /* LogOutButton.swift in Sources */,
				37A655642BC1F00A00B96BEB /* ThemeModel.swift in Sources */,
				3707309E2BFF843400E95989 /* UpdateLogButton.swift in Sources */,
				37881F5A2C0E950500ABBF42 /* BodyweightTextField.swift in Sources */,
				370730682BF07E6F00E95989 /* ShowFullScreenButton.swift in Sources */,
				37A6552C2BA5F8FA00B96BEB /* MovementsView.swift in Sources */,
				37A655382BA7470B00B96BEB /* Log.swift in Sources */,
				370730942BFF0C7200E95989 /* EditWeightTextField.swift in Sources */,
				37A655302BA5F98C00B96BEB /* Enums.swift in Sources */,
				37C70C342BE2806100B0375A /* WeightHorizontalScroller.swift in Sources */,
				37A6555D2BBE3DF800B96BEB /* Demo.swift in Sources */,
				37A655362BA7466300B96BEB /* Movement.swift in Sources */,
				374069762C2E945700692ECD /* MovementsViewModel.swift in Sources */,
				370730A52C01638D00E95989 /* AccountView.swift in Sources */,
				37A6556F2BC60D4700B96BEB /* MutateWeightsView.swift in Sources */,
				37FAB2652C3AFAB000FDD05B /* LogViewSubHeading.swift in Sources */,
				37881F582C0E17CE00ABBF42 /* UserModel.swift in Sources */,
				3707307C2BF88AE500E95989 /* DateViewModel.swift in Sources */,
				37A655672BC6025300B96BEB /* LogView.swift in Sources */,
				37A655502BB2830200B96BEB /* MovementCardButton.swift in Sources */,
				370730702BF16ECD00E95989 /* MovementSelectionPicker.swift in Sources */,
				37C70C322BDD52C200B0375A /* LogCard.swift in Sources */,
				370730872BF9D64F00E95989 /* ActivityMovementDataView.swift in Sources */,
				3753E5B52C61C3B000182530 /* AddMovementsToolButton.swift in Sources */,
				370730A22BFFF58D00E95989 /* LogController.swift in Sources */,
				3753E5A72C560DD000182530 /* AddRoutineButton.swift in Sources */,
				3707305E2BF063CC00E95989 /* RoutineViewModel.swift in Sources */,
				370730762BF7240F00E95989 /* CalendarView.swift in Sources */,
				370730662BF07BA500E95989 /* ToggleEditLogButton.swift in Sources */,
				37A655562BBDAD4F00B96BEB /* EditMovementView.swift in Sources */,
				370730A82C01668A00E95989 /* DeleteAccountButton.swift in Sources */,
				37A655522BB30DDA00B96BEB /* HorizontalScroller.swift in Sources */,
				376B58B02C4D6B92007C82E9 /* AddRoutineToolButton.swift in Sources */,
				374069742C2E664900692ECD /* LoginView.swift in Sources */,
				376B58B82C50A3D7007C82E9 /* SelectMovementsView.swift in Sources */,
				37A655222BA5F86600B96BEB /* MotherView.swift in Sources */,
				37FAB2692C44278400FDD05B /* UserViewModel.swift in Sources */,
			);
			runOnlyForDeploymentPostprocessing = 0;
		};
/* End PBXSourcesBuildPhase section */

/* Begin XCBuildConfiguration section */
		37A655132BA5385800B96BEB /* Debug */ = {
			isa = XCBuildConfiguration;
			buildSettings = {
				ALWAYS_SEARCH_USER_PATHS = NO;
				ASSETCATALOG_COMPILER_GENERATE_SWIFT_ASSET_SYMBOL_EXTENSIONS = YES;
				CLANG_ANALYZER_NONNULL = YES;
				CLANG_ANALYZER_NUMBER_OBJECT_CONVERSION = YES_AGGRESSIVE;
				CLANG_CXX_LANGUAGE_STANDARD = "gnu++20";
				CLANG_ENABLE_MODULES = YES;
				CLANG_ENABLE_OBJC_ARC = YES;
				CLANG_ENABLE_OBJC_WEAK = YES;
				CLANG_WARN_BLOCK_CAPTURE_AUTORELEASING = YES;
				CLANG_WARN_BOOL_CONVERSION = YES;
				CLANG_WARN_COMMA = YES;
				CLANG_WARN_CONSTANT_CONVERSION = YES;
				CLANG_WARN_DEPRECATED_OBJC_IMPLEMENTATIONS = YES;
				CLANG_WARN_DIRECT_OBJC_ISA_USAGE = YES_ERROR;
				CLANG_WARN_DOCUMENTATION_COMMENTS = YES;
				CLANG_WARN_EMPTY_BODY = YES;
				CLANG_WARN_ENUM_CONVERSION = YES;
				CLANG_WARN_INFINITE_RECURSION = YES;
				CLANG_WARN_INT_CONVERSION = YES;
				CLANG_WARN_NON_LITERAL_NULL_CONVERSION = YES;
				CLANG_WARN_OBJC_IMPLICIT_RETAIN_SELF = YES;
				CLANG_WARN_OBJC_LITERAL_CONVERSION = YES;
				CLANG_WARN_OBJC_ROOT_CLASS = YES_ERROR;
				CLANG_WARN_QUOTED_INCLUDE_IN_FRAMEWORK_HEADER = YES;
				CLANG_WARN_RANGE_LOOP_ANALYSIS = YES;
				CLANG_WARN_STRICT_PROTOTYPES = YES;
				CLANG_WARN_SUSPICIOUS_MOVE = YES;
				CLANG_WARN_UNGUARDED_AVAILABILITY = YES_AGGRESSIVE;
				CLANG_WARN_UNREACHABLE_CODE = YES;
				CLANG_WARN__DUPLICATE_METHOD_MATCH = YES;
				COPY_PHASE_STRIP = NO;
				DEBUG_INFORMATION_FORMAT = dwarf;
				ENABLE_STRICT_OBJC_MSGSEND = YES;
				ENABLE_TESTABILITY = YES;
				ENABLE_USER_SCRIPT_SANDBOXING = YES;
				GCC_C_LANGUAGE_STANDARD = gnu17;
				GCC_DYNAMIC_NO_PIC = NO;
				GCC_NO_COMMON_BLOCKS = YES;
				GCC_OPTIMIZATION_LEVEL = 0;
				GCC_PREPROCESSOR_DEFINITIONS = (
					"DEBUG=1",
					"$(inherited)",
				);
				GCC_WARN_64_TO_32_BIT_CONVERSION = YES;
				GCC_WARN_ABOUT_RETURN_TYPE = YES_ERROR;
				GCC_WARN_UNDECLARED_SELECTOR = YES;
				GCC_WARN_UNINITIALIZED_AUTOS = YES_AGGRESSIVE;
				GCC_WARN_UNUSED_FUNCTION = YES;
				GCC_WARN_UNUSED_VARIABLE = YES;
				LOCALIZATION_PREFERS_STRING_CATALOGS = YES;
				MTL_ENABLE_DEBUG_INFO = INCLUDE_SOURCE;
				MTL_FAST_MATH = YES;
				ONLY_ACTIVE_ARCH = YES;
				SWIFT_ACTIVE_COMPILATION_CONDITIONS = "DEBUG $(inherited)";
				SWIFT_OPTIMIZATION_LEVEL = "-Onone";
			};
			name = Debug;
		};
		37A655142BA5385800B96BEB /* Release */ = {
			isa = XCBuildConfiguration;
			buildSettings = {
				ALWAYS_SEARCH_USER_PATHS = NO;
				ASSETCATALOG_COMPILER_GENERATE_SWIFT_ASSET_SYMBOL_EXTENSIONS = YES;
				CLANG_ANALYZER_NONNULL = YES;
				CLANG_ANALYZER_NUMBER_OBJECT_CONVERSION = YES_AGGRESSIVE;
				CLANG_CXX_LANGUAGE_STANDARD = "gnu++20";
				CLANG_ENABLE_MODULES = YES;
				CLANG_ENABLE_OBJC_ARC = YES;
				CLANG_ENABLE_OBJC_WEAK = YES;
				CLANG_WARN_BLOCK_CAPTURE_AUTORELEASING = YES;
				CLANG_WARN_BOOL_CONVERSION = YES;
				CLANG_WARN_COMMA = YES;
				CLANG_WARN_CONSTANT_CONVERSION = YES;
				CLANG_WARN_DEPRECATED_OBJC_IMPLEMENTATIONS = YES;
				CLANG_WARN_DIRECT_OBJC_ISA_USAGE = YES_ERROR;
				CLANG_WARN_DOCUMENTATION_COMMENTS = YES;
				CLANG_WARN_EMPTY_BODY = YES;
				CLANG_WARN_ENUM_CONVERSION = YES;
				CLANG_WARN_INFINITE_RECURSION = YES;
				CLANG_WARN_INT_CONVERSION = YES;
				CLANG_WARN_NON_LITERAL_NULL_CONVERSION = YES;
				CLANG_WARN_OBJC_IMPLICIT_RETAIN_SELF = YES;
				CLANG_WARN_OBJC_LITERAL_CONVERSION = YES;
				CLANG_WARN_OBJC_ROOT_CLASS = YES_ERROR;
				CLANG_WARN_QUOTED_INCLUDE_IN_FRAMEWORK_HEADER = YES;
				CLANG_WARN_RANGE_LOOP_ANALYSIS = YES;
				CLANG_WARN_STRICT_PROTOTYPES = YES;
				CLANG_WARN_SUSPICIOUS_MOVE = YES;
				CLANG_WARN_UNGUARDED_AVAILABILITY = YES_AGGRESSIVE;
				CLANG_WARN_UNREACHABLE_CODE = YES;
				CLANG_WARN__DUPLICATE_METHOD_MATCH = YES;
				COPY_PHASE_STRIP = NO;
				DEBUG_INFORMATION_FORMAT = "dwarf-with-dsym";
				ENABLE_NS_ASSERTIONS = NO;
				ENABLE_STRICT_OBJC_MSGSEND = YES;
				ENABLE_USER_SCRIPT_SANDBOXING = YES;
				GCC_C_LANGUAGE_STANDARD = gnu17;
				GCC_NO_COMMON_BLOCKS = YES;
				GCC_WARN_64_TO_32_BIT_CONVERSION = YES;
				GCC_WARN_ABOUT_RETURN_TYPE = YES_ERROR;
				GCC_WARN_UNDECLARED_SELECTOR = YES;
				GCC_WARN_UNINITIALIZED_AUTOS = YES_AGGRESSIVE;
				GCC_WARN_UNUSED_FUNCTION = YES;
				GCC_WARN_UNUSED_VARIABLE = YES;
				LOCALIZATION_PREFERS_STRING_CATALOGS = YES;
				MTL_ENABLE_DEBUG_INFO = NO;
				MTL_FAST_MATH = YES;
				SWIFT_COMPILATION_MODE = wholemodule;
			};
			name = Release;
		};
		37A655162BA5385800B96BEB /* Debug */ = {
			isa = XCBuildConfiguration;
			buildSettings = {
				ASSETCATALOG_COMPILER_APPICON_NAME = AppIcon;
				ASSETCATALOG_COMPILER_GLOBAL_ACCENT_COLOR_NAME = AccentColor;
				CODE_SIGN_ENTITLEMENTS = "One Rep/One_Rep.entitlements";
				CODE_SIGN_STYLE = Automatic;
				CURRENT_PROJECT_VERSION = 2;
				DEVELOPMENT_ASSET_PATHS = "\"One Rep/Preview Content\"";
				DEVELOPMENT_TEAM = GSRZAW977J;
				ENABLE_HARDENED_RUNTIME = YES;
				ENABLE_PREVIEWS = YES;
				GENERATE_INFOPLIST_FILE = YES;
				INFOPLIST_KEY_LSApplicationCategoryType = "public.app-category.healthcare-fitness";
				"INFOPLIST_KEY_UIApplicationSceneManifest_Generation[sdk=iphoneos*]" = YES;
				"INFOPLIST_KEY_UIApplicationSceneManifest_Generation[sdk=iphonesimulator*]" = YES;
				"INFOPLIST_KEY_UIApplicationSupportsIndirectInputEvents[sdk=iphoneos*]" = YES;
				"INFOPLIST_KEY_UIApplicationSupportsIndirectInputEvents[sdk=iphonesimulator*]" = YES;
				"INFOPLIST_KEY_UILaunchScreen_Generation[sdk=iphoneos*]" = YES;
				"INFOPLIST_KEY_UILaunchScreen_Generation[sdk=iphonesimulator*]" = YES;
				"INFOPLIST_KEY_UIStatusBarStyle[sdk=iphoneos*]" = UIStatusBarStyleDefault;
				"INFOPLIST_KEY_UIStatusBarStyle[sdk=iphonesimulator*]" = UIStatusBarStyleDefault;
				INFOPLIST_KEY_UISupportedInterfaceOrientations_iPad = "UIInterfaceOrientationPortrait UIInterfaceOrientationPortraitUpsideDown UIInterfaceOrientationLandscapeLeft UIInterfaceOrientationLandscapeRight";
				INFOPLIST_KEY_UISupportedInterfaceOrientations_iPhone = "UIInterfaceOrientationPortrait UIInterfaceOrientationLandscapeLeft UIInterfaceOrientationLandscapeRight";
				IPHONEOS_DEPLOYMENT_TARGET = 17.0;
				LD_RUNPATH_SEARCH_PATHS = "@executable_path/Frameworks";
				"LD_RUNPATH_SEARCH_PATHS[sdk=macosx*]" = "@executable_path/../Frameworks";
				MACOSX_DEPLOYMENT_TARGET = 14.0;
				MARKETING_VERSION = 1.0;
				PRODUCT_BUNDLE_IDENTIFIER = "com.dylanierugan.One-Rep";
				PRODUCT_NAME = "$(TARGET_NAME)";
				SDKROOT = auto;
				SUPPORTED_PLATFORMS = "iphoneos iphonesimulator macosx";
				SWIFT_EMIT_LOC_STRINGS = YES;
				SWIFT_VERSION = 5.0;
				TARGETED_DEVICE_FAMILY = "1,2";
			};
			name = Debug;
		};
		37A655172BA5385800B96BEB /* Release */ = {
			isa = XCBuildConfiguration;
			buildSettings = {
				ASSETCATALOG_COMPILER_APPICON_NAME = AppIcon;
				ASSETCATALOG_COMPILER_GLOBAL_ACCENT_COLOR_NAME = AccentColor;
				CODE_SIGN_ENTITLEMENTS = "One Rep/One_Rep.entitlements";
				CODE_SIGN_STYLE = Automatic;
				CURRENT_PROJECT_VERSION = 2;
				DEVELOPMENT_ASSET_PATHS = "\"One Rep/Preview Content\"";
				DEVELOPMENT_TEAM = GSRZAW977J;
				ENABLE_HARDENED_RUNTIME = YES;
				ENABLE_PREVIEWS = YES;
				GENERATE_INFOPLIST_FILE = YES;
				INFOPLIST_KEY_LSApplicationCategoryType = "public.app-category.healthcare-fitness";
				"INFOPLIST_KEY_UIApplicationSceneManifest_Generation[sdk=iphoneos*]" = YES;
				"INFOPLIST_KEY_UIApplicationSceneManifest_Generation[sdk=iphonesimulator*]" = YES;
				"INFOPLIST_KEY_UIApplicationSupportsIndirectInputEvents[sdk=iphoneos*]" = YES;
				"INFOPLIST_KEY_UIApplicationSupportsIndirectInputEvents[sdk=iphonesimulator*]" = YES;
				"INFOPLIST_KEY_UILaunchScreen_Generation[sdk=iphoneos*]" = YES;
				"INFOPLIST_KEY_UILaunchScreen_Generation[sdk=iphonesimulator*]" = YES;
				"INFOPLIST_KEY_UIStatusBarStyle[sdk=iphoneos*]" = UIStatusBarStyleDefault;
				"INFOPLIST_KEY_UIStatusBarStyle[sdk=iphonesimulator*]" = UIStatusBarStyleDefault;
				INFOPLIST_KEY_UISupportedInterfaceOrientations_iPad = "UIInterfaceOrientationPortrait UIInterfaceOrientationPortraitUpsideDown UIInterfaceOrientationLandscapeLeft UIInterfaceOrientationLandscapeRight";
				INFOPLIST_KEY_UISupportedInterfaceOrientations_iPhone = "UIInterfaceOrientationPortrait UIInterfaceOrientationLandscapeLeft UIInterfaceOrientationLandscapeRight";
				IPHONEOS_DEPLOYMENT_TARGET = 17.0;
				LD_RUNPATH_SEARCH_PATHS = "@executable_path/Frameworks";
				"LD_RUNPATH_SEARCH_PATHS[sdk=macosx*]" = "@executable_path/../Frameworks";
				MACOSX_DEPLOYMENT_TARGET = 14.0;
				MARKETING_VERSION = 1.0;
				PRODUCT_BUNDLE_IDENTIFIER = "com.dylanierugan.One-Rep";
				PRODUCT_NAME = "$(TARGET_NAME)";
				SDKROOT = auto;
				SUPPORTED_PLATFORMS = "iphoneos iphonesimulator macosx";
				SWIFT_EMIT_LOC_STRINGS = YES;
				SWIFT_VERSION = 5.0;
				TARGETED_DEVICE_FAMILY = "1,2";
			};
			name = Release;
		};
/* End XCBuildConfiguration section */

/* Begin XCConfigurationList section */
		37A655012BA5385600B96BEB /* Build configuration list for PBXProject "One Rep" */ = {
			isa = XCConfigurationList;
			buildConfigurations = (
				37A655132BA5385800B96BEB /* Debug */,
				37A655142BA5385800B96BEB /* Release */,
			);
			defaultConfigurationIsVisible = 0;
			defaultConfigurationName = Release;
		};
		37A655152BA5385800B96BEB /* Build configuration list for PBXNativeTarget "One Rep" */ = {
			isa = XCConfigurationList;
			buildConfigurations = (
				37A655162BA5385800B96BEB /* Debug */,
				37A655172BA5385800B96BEB /* Release */,
			);
			defaultConfigurationIsVisible = 0;
			defaultConfigurationName = Release;
		};
/* End XCConfigurationList section */

/* Begin XCRemoteSwiftPackageReference section */
		376B58632C44431D007C82E9 /* XCRemoteSwiftPackageReference "firebase-ios-sdk" */ = {
			isa = XCRemoteSwiftPackageReference;
			repositoryURL = "https://github.com/firebase/firebase-ios-sdk.git";
			requirement = {
				kind = upToNextMajorVersion;
				minimumVersion = 10.29.0;
			};
		};
/* End XCRemoteSwiftPackageReference section */

/* Begin XCSwiftPackageProductDependency section */
		376B58642C44431D007C82E9 /* FirebaseAnalytics */ = {
			isa = XCSwiftPackageProductDependency;
			package = 376B58632C44431D007C82E9 /* XCRemoteSwiftPackageReference "firebase-ios-sdk" */;
			productName = FirebaseAnalytics;
		};
		376B58662C44431D007C82E9 /* FirebaseAnalyticsOnDeviceConversion */ = {
			isa = XCSwiftPackageProductDependency;
			package = 376B58632C44431D007C82E9 /* XCRemoteSwiftPackageReference "firebase-ios-sdk" */;
			productName = FirebaseAnalyticsOnDeviceConversion;
		};
		376B58682C44431D007C82E9 /* FirebaseAnalyticsSwift */ = {
			isa = XCSwiftPackageProductDependency;
			package = 376B58632C44431D007C82E9 /* XCRemoteSwiftPackageReference "firebase-ios-sdk" */;
			productName = FirebaseAnalyticsSwift;
		};
		376B586A2C44431D007C82E9 /* FirebaseAnalyticsWithoutAdIdSupport */ = {
			isa = XCSwiftPackageProductDependency;
			package = 376B58632C44431D007C82E9 /* XCRemoteSwiftPackageReference "firebase-ios-sdk" */;
			productName = FirebaseAnalyticsWithoutAdIdSupport;
		};
		376B586C2C44431D007C82E9 /* FirebaseAppCheck */ = {
			isa = XCSwiftPackageProductDependency;
			package = 376B58632C44431D007C82E9 /* XCRemoteSwiftPackageReference "firebase-ios-sdk" */;
			productName = FirebaseAppCheck;
		};
		376B586E2C44431D007C82E9 /* FirebaseAppDistribution-Beta */ = {
			isa = XCSwiftPackageProductDependency;
			package = 376B58632C44431D007C82E9 /* XCRemoteSwiftPackageReference "firebase-ios-sdk" */;
			productName = "FirebaseAppDistribution-Beta";
		};
		376B58702C44431D007C82E9 /* FirebaseAuth */ = {
			isa = XCSwiftPackageProductDependency;
			package = 376B58632C44431D007C82E9 /* XCRemoteSwiftPackageReference "firebase-ios-sdk" */;
			productName = FirebaseAuth;
		};
		376B58722C44431D007C82E9 /* FirebaseAuthCombine-Community */ = {
			isa = XCSwiftPackageProductDependency;
			package = 376B58632C44431D007C82E9 /* XCRemoteSwiftPackageReference "firebase-ios-sdk" */;
			productName = "FirebaseAuthCombine-Community";
		};
		376B58742C44431D007C82E9 /* FirebaseCrashlytics */ = {
			isa = XCSwiftPackageProductDependency;
			package = 376B58632C44431D007C82E9 /* XCRemoteSwiftPackageReference "firebase-ios-sdk" */;
			productName = FirebaseCrashlytics;
		};
		376B58762C44431D007C82E9 /* FirebaseDatabase */ = {
			isa = XCSwiftPackageProductDependency;
			package = 376B58632C44431D007C82E9 /* XCRemoteSwiftPackageReference "firebase-ios-sdk" */;
			productName = FirebaseDatabase;
		};
		376B58782C44431D007C82E9 /* FirebaseDatabaseSwift */ = {
			isa = XCSwiftPackageProductDependency;
			package = 376B58632C44431D007C82E9 /* XCRemoteSwiftPackageReference "firebase-ios-sdk" */;
			productName = FirebaseDatabaseSwift;
		};
		376B587A2C44431D007C82E9 /* FirebaseDynamicLinks */ = {
			isa = XCSwiftPackageProductDependency;
			package = 376B58632C44431D007C82E9 /* XCRemoteSwiftPackageReference "firebase-ios-sdk" */;
			productName = FirebaseDynamicLinks;
		};
		376B587C2C44431D007C82E9 /* FirebaseFirestore */ = {
			isa = XCSwiftPackageProductDependency;
			package = 376B58632C44431D007C82E9 /* XCRemoteSwiftPackageReference "firebase-ios-sdk" */;
			productName = FirebaseFirestore;
		};
		376B587E2C44431D007C82E9 /* FirebaseFirestoreCombine-Community */ = {
			isa = XCSwiftPackageProductDependency;
			package = 376B58632C44431D007C82E9 /* XCRemoteSwiftPackageReference "firebase-ios-sdk" */;
			productName = "FirebaseFirestoreCombine-Community";
		};
		376B58802C44431D007C82E9 /* FirebaseFirestoreSwift */ = {
			isa = XCSwiftPackageProductDependency;
			package = 376B58632C44431D007C82E9 /* XCRemoteSwiftPackageReference "firebase-ios-sdk" */;
			productName = FirebaseFirestoreSwift;
		};
		376B58822C44431D007C82E9 /* FirebaseFunctions */ = {
			isa = XCSwiftPackageProductDependency;
			package = 376B58632C44431D007C82E9 /* XCRemoteSwiftPackageReference "firebase-ios-sdk" */;
			productName = FirebaseFunctions;
		};
		376B58842C44431D007C82E9 /* FirebaseFunctionsCombine-Community */ = {
			isa = XCSwiftPackageProductDependency;
			package = 376B58632C44431D007C82E9 /* XCRemoteSwiftPackageReference "firebase-ios-sdk" */;
			productName = "FirebaseFunctionsCombine-Community";
		};
		376B58862C44431D007C82E9 /* FirebaseInAppMessaging-Beta */ = {
			isa = XCSwiftPackageProductDependency;
			package = 376B58632C44431D007C82E9 /* XCRemoteSwiftPackageReference "firebase-ios-sdk" */;
			productName = "FirebaseInAppMessaging-Beta";
		};
		376B58882C44431D007C82E9 /* FirebaseInAppMessagingSwift-Beta */ = {
			isa = XCSwiftPackageProductDependency;
			package = 376B58632C44431D007C82E9 /* XCRemoteSwiftPackageReference "firebase-ios-sdk" */;
			productName = "FirebaseInAppMessagingSwift-Beta";
		};
		376B588A2C44431D007C82E9 /* FirebaseInstallations */ = {
			isa = XCSwiftPackageProductDependency;
			package = 376B58632C44431D007C82E9 /* XCRemoteSwiftPackageReference "firebase-ios-sdk" */;
			productName = FirebaseInstallations;
		};
		376B588C2C44431D007C82E9 /* FirebaseMLModelDownloader */ = {
			isa = XCSwiftPackageProductDependency;
			package = 376B58632C44431D007C82E9 /* XCRemoteSwiftPackageReference "firebase-ios-sdk" */;
			productName = FirebaseMLModelDownloader;
		};
		376B588E2C44431D007C82E9 /* FirebaseMessaging */ = {
			isa = XCSwiftPackageProductDependency;
			package = 376B58632C44431D007C82E9 /* XCRemoteSwiftPackageReference "firebase-ios-sdk" */;
			productName = FirebaseMessaging;
		};
		376B58902C44431D007C82E9 /* FirebasePerformance */ = {
			isa = XCSwiftPackageProductDependency;
			package = 376B58632C44431D007C82E9 /* XCRemoteSwiftPackageReference "firebase-ios-sdk" */;
			productName = FirebasePerformance;
		};
		376B58922C44431D007C82E9 /* FirebaseRemoteConfig */ = {
			isa = XCSwiftPackageProductDependency;
			package = 376B58632C44431D007C82E9 /* XCRemoteSwiftPackageReference "firebase-ios-sdk" */;
			productName = FirebaseRemoteConfig;
		};
		376B58942C44431D007C82E9 /* FirebaseRemoteConfigSwift */ = {
			isa = XCSwiftPackageProductDependency;
			package = 376B58632C44431D007C82E9 /* XCRemoteSwiftPackageReference "firebase-ios-sdk" */;
			productName = FirebaseRemoteConfigSwift;
		};
		376B58962C44431D007C82E9 /* FirebaseStorage */ = {
			isa = XCSwiftPackageProductDependency;
			package = 376B58632C44431D007C82E9 /* XCRemoteSwiftPackageReference "firebase-ios-sdk" */;
			productName = FirebaseStorage;
		};
		376B58982C44431D007C82E9 /* FirebaseStorageCombine-Community */ = {
			isa = XCSwiftPackageProductDependency;
			package = 376B58632C44431D007C82E9 /* XCRemoteSwiftPackageReference "firebase-ios-sdk" */;
			productName = "FirebaseStorageCombine-Community";
		};
		376B589A2C44431D007C82E9 /* FirebaseVertexAI-Preview */ = {
			isa = XCSwiftPackageProductDependency;
			package = 376B58632C44431D007C82E9 /* XCRemoteSwiftPackageReference "firebase-ios-sdk" */;
			productName = "FirebaseVertexAI-Preview";
		};
/* End XCSwiftPackageProductDependency section */
	};
	rootObject = 37A654FE2BA5385600B96BEB /* Project object */;
}
